// !$*UTF8*$!
{
	archiveVersion = 1;
	classes = {
	};
	objectVersion = 50;
	objects = {

/* Begin PBXBuildFile section */
		6607DBC42419D7C800CC5C69 /* AppDelegate.swift in Sources */ = {isa = PBXBuildFile; fileRef = 6607DBC32419D7C800CC5C69 /* AppDelegate.swift */; };
		6607DBC82419D7C800CC5C69 /* ViewController.swift in Sources */ = {isa = PBXBuildFile; fileRef = 6607DBC72419D7C800CC5C69 /* ViewController.swift */; };
		6607DBCB2419D7C800CC5C69 /* Main.storyboard in Resources */ = {isa = PBXBuildFile; fileRef = 6607DBC92419D7C800CC5C69 /* Main.storyboard */; };
		6607DBCD2419D7D100CC5C69 /* Assets.xcassets in Resources */ = {isa = PBXBuildFile; fileRef = 6607DBCC2419D7D100CC5C69 /* Assets.xcassets */; };
		6607DBD02419D7D100CC5C69 /* LaunchScreen.storyboard in Resources */ = {isa = PBXBuildFile; fileRef = 6607DBCE2419D7D100CC5C69 /* LaunchScreen.storyboard */; };
		6607DBDB2419D7D100CC5C69 /* OpenGPUShowcaseTests.swift in Sources */ = {isa = PBXBuildFile; fileRef = 6607DBDA2419D7D100CC5C69 /* OpenGPUShowcaseTests.swift */; };
		6607DBE62419D7D100CC5C69 /* OpenGPUShowcaseUITests.swift in Sources */ = {isa = PBXBuildFile; fileRef = 6607DBE52419D7D100CC5C69 /* OpenGPUShowcaseUITests.swift */; };
		6607DC022419D83100CC5C69 /* OGRenderView.swift in Sources */ = {isa = PBXBuildFile; fileRef = 6607DBF52419D83100CC5C69 /* OGRenderView.swift */; };
		6607DC032419D83100CC5C69 /* OGRenderHelper.swift in Sources */ = {isa = PBXBuildFile; fileRef = 6607DBF62419D83100CC5C69 /* OGRenderHelper.swift */; };
		6607DC042419D83100CC5C69 /* OGPipeline.swift in Sources */ = {isa = PBXBuildFile; fileRef = 6607DBF72419D83100CC5C69 /* OGPipeline.swift */; };
		6607DC052419D83100CC5C69 /* OGCamera.swift in Sources */ = {isa = PBXBuildFile; fileRef = 6607DBF82419D83100CC5C69 /* OGCamera.swift */; };
		6607DC062419D83100CC5C69 /* OGShaderLanguage.swift in Sources */ = {isa = PBXBuildFile; fileRef = 6607DBFA2419D83100CC5C69 /* OGShaderLanguage.swift */; };
		6607DC072419D83100CC5C69 /* OGEAGLContext.swift in Sources */ = {isa = PBXBuildFile; fileRef = 6607DBFC2419D83100CC5C69 /* OGEAGLContext.swift */; };
		6607DC082419D83100CC5C69 /* OGImageOrentation.swift in Sources */ = {isa = PBXBuildFile; fileRef = 6607DBFD2419D83100CC5C69 /* OGImageOrentation.swift */; };
		6607DC092419D83100CC5C69 /* OGFramebufferCache.swift in Sources */ = {isa = PBXBuildFile; fileRef = 6607DBFE2419D83100CC5C69 /* OGFramebufferCache.swift */; };
		6607DC0A2419D83100CC5C69 /* OGShaderProgram.swift in Sources */ = {isa = PBXBuildFile; fileRef = 6607DBFF2419D83100CC5C69 /* OGShaderProgram.swift */; };
		6607DC0B2419D83100CC5C69 /* OGFramebuffer.swift in Sources */ = {isa = PBXBuildFile; fileRef = 6607DC002419D83100CC5C69 /* OGFramebuffer.swift */; };
		6607DC0C2419D83100CC5C69 /* OGColor.swift in Sources */ = {isa = PBXBuildFile; fileRef = 6607DC012419D83100CC5C69 /* OGColor.swift */; };
		6607DC0F2419D8BA00CC5C69 /* AVFoundation.framework in Frameworks */ = {isa = PBXBuildFile; fileRef = 6607DC0E2419D8BA00CC5C69 /* AVFoundation.framework */; };
		6607DC112419D8C200CC5C69 /* OpenGLES.framework in Frameworks */ = {isa = PBXBuildFile; fileRef = 6607DC102419D8C200CC5C69 /* OpenGLES.framework */; };
		6607DC132419D93900CC5C69 /* CoreGraphics.framework in Frameworks */ = {isa = PBXBuildFile; fileRef = 6607DC122419D93900CC5C69 /* CoreGraphics.framework */; };
		6607DC152419D96800CC5C69 /* UIKit.framework in Frameworks */ = {isa = PBXBuildFile; fileRef = 6607DC142419D96800CC5C69 /* UIKit.framework */; };
		6655054B2431C2EA00045191 /* OMTexture.swift in Sources */ = {isa = PBXBuildFile; fileRef = 6655054A2431C2EA00045191 /* OMTexture.swift */; };
		6655054F2431C7C800045191 /* OMPipline.swift in Sources */ = {isa = PBXBuildFile; fileRef = 6655054E2431C7C800045191 /* OMPipline.swift */; };
		665505512431C96C00045191 /* OMCamera.swift in Sources */ = {isa = PBXBuildFile; fileRef = 665505502431C96C00045191 /* OMCamera.swift */; };
		665505532431D22000045191 /* OMRenderDevice.swift in Sources */ = {isa = PBXBuildFile; fileRef = 665505522431D22000045191 /* OMRenderDevice.swift */; };
		66801A3824205EB9006F7D1A /* OGBaseFilter.swift in Sources */ = {isa = PBXBuildFile; fileRef = 66801A3724205EB9006F7D1A /* OGBaseFilter.swift */; };
		66801A4124249A0B006F7D1A /* RGBFilter.swift in Sources */ = {isa = PBXBuildFile; fileRef = 66801A4024249A0B006F7D1A /* RGBFilter.swift */; };
		66937B7A244ED51400764A5C /* coordinateOffsetCalculator.metal in Sources */ = {isa = PBXBuildFile; fileRef = 66937B79244ED51400764A5C /* coordinateOffsetCalculator.metal */; };
		669D1B002431DF9E0037B301 /* OMRenderView.swift in Sources */ = {isa = PBXBuildFile; fileRef = 669D1AFF2431DF9E0037B301 /* OMRenderView.swift */; };
		669D1B022431EA680037B301 /* OMRender.swift in Sources */ = {isa = PBXBuildFile; fileRef = 669D1B012431EA680037B301 /* OMRender.swift */; };
		669D1B052432CF3A0037B301 /* RenderPass.metal in Sources */ = {isa = PBXBuildFile; fileRef = 669D1B042432CF3A0037B301 /* RenderPass.metal */; };
		66B3A948243331B300036858 /* OMBaseFilter.swift in Sources */ = {isa = PBXBuildFile; fileRef = 66B3A947243331B300036858 /* OMBaseFilter.swift */; };
		66B3A94A243587E400036858 /* OMBaseFilter.metal in Sources */ = {isa = PBXBuildFile; fileRef = 66B3A949243587E400036858 /* OMBaseFilter.metal */; };
		66B3AB3F243DCEEA00036858 /* OMLookupFilter.swift in Sources */ = {isa = PBXBuildFile; fileRef = 66B3AB3E243DCEEA00036858 /* OMLookupFilter.swift */; };
		66B3AB41243DCF8F00036858 /* OMLookup.metal in Sources */ = {isa = PBXBuildFile; fileRef = 66B3AB40243DCF8F00036858 /* OMLookup.metal */; };
		66B3AB43243EF87500036858 /* CoreMotion.framework in Frameworks */ = {isa = PBXBuildFile; fileRef = 66B3AB42243EF87500036858 /* CoreMotion.framework */; };
		66B3AB45243EF87B00036858 /* CoreMedia.framework in Frameworks */ = {isa = PBXBuildFile; fileRef = 66B3AB44243EF87B00036858 /* CoreMedia.framework */; };
		66B3AB54243F15DA00036858 /* OMImageProcesser.swift in Sources */ = {isa = PBXBuildFile; fileRef = 66B3AB53243F15DA00036858 /* OMImageProcesser.swift */; };
		66B3AB57243F26B100036858 /* bai.png in Resources */ = {isa = PBXBuildFile; fileRef = 66B3AB56243F26B100036858 /* bai.png */; };
		66B56523244FF3A500B86F0D /* landmarks_v2.metal in Sources */ = {isa = PBXBuildFile; fileRef = 66B56522244FF3A500B86F0D /* landmarks_v2.metal */; };
		66F3E44A2451319200DE3858 /* OMStickerProtocol.swift in Sources */ = {isa = PBXBuildFile; fileRef = 66F3E4492451319200DE3858 /* OMStickerProtocol.swift */; };
		66F3E44C245132A800DE3858 /* OMStickerFrameList.swift in Sources */ = {isa = PBXBuildFile; fileRef = 66F3E44B245132A800DE3858 /* OMStickerFrameList.swift */; };
		66F3E44E24513F7B00DE3858 /* OMSticker.swift in Sources */ = {isa = PBXBuildFile; fileRef = 66F3E44D24513F7B00DE3858 /* OMSticker.swift */; };
		66F3E45024513FFD00DE3858 /* OMStickerConfigManager.swift in Sources */ = {isa = PBXBuildFile; fileRef = 66F3E44F24513FFD00DE3858 /* OMStickerConfigManager.swift */; };
		66F3E4A62451407C00DE3858 /* heart_080.png in Resources */ = {isa = PBXBuildFile; fileRef = 66F3E4542451407C00DE3858 /* heart_080.png */; };
		66F3E4A72451407C00DE3858 /* heart_057.png in Resources */ = {isa = PBXBuildFile; fileRef = 66F3E4552451407C00DE3858 /* heart_057.png */; };
		66F3E4A82451407C00DE3858 /* heart_043.png in Resources */ = {isa = PBXBuildFile; fileRef = 66F3E4562451407C00DE3858 /* heart_043.png */; };
		66F3E4A92451407C00DE3858 /* heart_042.png in Resources */ = {isa = PBXBuildFile; fileRef = 66F3E4572451407C00DE3858 /* heart_042.png */; };
		66F3E4AA2451407C00DE3858 /* heart_056.png in Resources */ = {isa = PBXBuildFile; fileRef = 66F3E4582451407C00DE3858 /* heart_056.png */; };
		66F3E4AB2451407C00DE3858 /* heart_068.png in Resources */ = {isa = PBXBuildFile; fileRef = 66F3E4592451407C00DE3858 /* heart_068.png */; };
		66F3E4AC2451407C00DE3858 /* heart_040.png in Resources */ = {isa = PBXBuildFile; fileRef = 66F3E45A2451407C00DE3858 /* heart_040.png */; };
		66F3E4AD2451407C00DE3858 /* heart_054.png in Resources */ = {isa = PBXBuildFile; fileRef = 66F3E45B2451407C00DE3858 /* heart_054.png */; };
		66F3E4AE2451407C00DE3858 /* heart_055.png in Resources */ = {isa = PBXBuildFile; fileRef = 66F3E45C2451407C00DE3858 /* heart_055.png */; };
		66F3E4AF2451407C00DE3858 /* heart_041.png in Resources */ = {isa = PBXBuildFile; fileRef = 66F3E45D2451407C00DE3858 /* heart_041.png */; };
		66F3E4B02451407C00DE3858 /* heart_069.png in Resources */ = {isa = PBXBuildFile; fileRef = 66F3E45E2451407C00DE3858 /* heart_069.png */; };
		66F3E4B12451407C00DE3858 /* heart_045.png in Resources */ = {isa = PBXBuildFile; fileRef = 66F3E45F2451407C00DE3858 /* heart_045.png */; };
		66F3E4B22451407C00DE3858 /* heart_051.png in Resources */ = {isa = PBXBuildFile; fileRef = 66F3E4602451407C00DE3858 /* heart_051.png */; };
		66F3E4B32451407C00DE3858 /* heart_079.png in Resources */ = {isa = PBXBuildFile; fileRef = 66F3E4612451407C00DE3858 /* heart_079.png */; };
		66F3E4B42451407C00DE3858 /* heart_078.png in Resources */ = {isa = PBXBuildFile; fileRef = 66F3E4622451407C00DE3858 /* heart_078.png */; };
		66F3E4B52451407C00DE3858 /* heart_050.png in Resources */ = {isa = PBXBuildFile; fileRef = 66F3E4632451407C00DE3858 /* heart_050.png */; };
		66F3E4B62451407C00DE3858 /* heart_044.png in Resources */ = {isa = PBXBuildFile; fileRef = 66F3E4642451407C00DE3858 /* heart_044.png */; };
		66F3E4B72451407C00DE3858 /* heart_052.png in Resources */ = {isa = PBXBuildFile; fileRef = 66F3E4652451407C00DE3858 /* heart_052.png */; };
		66F3E4B82451407C00DE3858 /* heart_046.png in Resources */ = {isa = PBXBuildFile; fileRef = 66F3E4662451407C00DE3858 /* heart_046.png */; };
		66F3E4B92451407C00DE3858 /* heart_047.png in Resources */ = {isa = PBXBuildFile; fileRef = 66F3E4672451407C00DE3858 /* heart_047.png */; };
		66F3E4BA2451407C00DE3858 /* heart_053.png in Resources */ = {isa = PBXBuildFile; fileRef = 66F3E4682451407C00DE3858 /* heart_053.png */; };
		66F3E4BB2451407C00DE3858 /* heart_008.png in Resources */ = {isa = PBXBuildFile; fileRef = 66F3E4692451407C00DE3858 /* heart_008.png */; };
		66F3E4BC2451407C00DE3858 /* heart_034.png in Resources */ = {isa = PBXBuildFile; fileRef = 66F3E46A2451407C00DE3858 /* heart_034.png */; };
		66F3E4BD2451407C00DE3858 /* heart_020.png in Resources */ = {isa = PBXBuildFile; fileRef = 66F3E46B2451407C00DE3858 /* heart_020.png */; };
		66F3E4BE2451407C00DE3858 /* heart_021.png in Resources */ = {isa = PBXBuildFile; fileRef = 66F3E46C2451407C00DE3858 /* heart_021.png */; };
		66F3E4BF2451407C00DE3858 /* heart_035.png in Resources */ = {isa = PBXBuildFile; fileRef = 66F3E46D2451407C00DE3858 /* heart_035.png */; };
		66F3E4C02451407C00DE3858 /* heart_009.png in Resources */ = {isa = PBXBuildFile; fileRef = 66F3E46E2451407C00DE3858 /* heart_009.png */; };
		66F3E4C12451407C00DE3858 /* heart_023.png in Resources */ = {isa = PBXBuildFile; fileRef = 66F3E46F2451407C00DE3858 /* heart_023.png */; };
		66F3E4C22451407C00DE3858 /* heart_037.png in Resources */ = {isa = PBXBuildFile; fileRef = 66F3E4702451407C00DE3858 /* heart_037.png */; };
		66F3E4C32451407C00DE3858 /* heart_036.png in Resources */ = {isa = PBXBuildFile; fileRef = 66F3E4712451407C00DE3858 /* heart_036.png */; };
		66F3E4C42451407C00DE3858 /* heart_022.png in Resources */ = {isa = PBXBuildFile; fileRef = 66F3E4722451407C00DE3858 /* heart_022.png */; };
		66F3E4C52451407C00DE3858 /* heart_026.png in Resources */ = {isa = PBXBuildFile; fileRef = 66F3E4732451407C00DE3858 /* heart_026.png */; };
		66F3E4C62451407C00DE3858 /* heart_032.png in Resources */ = {isa = PBXBuildFile; fileRef = 66F3E4742451407C00DE3858 /* heart_032.png */; };
		66F3E4C72451407C00DE3858 /* heart_033.png in Resources */ = {isa = PBXBuildFile; fileRef = 66F3E4752451407C00DE3858 /* heart_033.png */; };
		66F3E4C82451407C00DE3858 /* heart_027.png in Resources */ = {isa = PBXBuildFile; fileRef = 66F3E4762451407C00DE3858 /* heart_027.png */; };
		66F3E4C92451407C00DE3858 /* heart_031.png in Resources */ = {isa = PBXBuildFile; fileRef = 66F3E4772451407C00DE3858 /* heart_031.png */; };
		66F3E4CA2451407C00DE3858 /* heart_025.png in Resources */ = {isa = PBXBuildFile; fileRef = 66F3E4782451407C00DE3858 /* heart_025.png */; };
		66F3E4CB2451407C00DE3858 /* heart_019.png in Resources */ = {isa = PBXBuildFile; fileRef = 66F3E4792451407C00DE3858 /* heart_019.png */; };
		66F3E4CC2451407C00DE3858 /* heart_018.png in Resources */ = {isa = PBXBuildFile; fileRef = 66F3E47A2451407C00DE3858 /* heart_018.png */; };
		66F3E4CD2451407C00DE3858 /* heart_024.png in Resources */ = {isa = PBXBuildFile; fileRef = 66F3E47B2451407C00DE3858 /* heart_024.png */; };
		66F3E4CE2451407C00DE3858 /* heart_030.png in Resources */ = {isa = PBXBuildFile; fileRef = 66F3E47C2451407C00DE3858 /* heart_030.png */; };
		66F3E4CF2451407C00DE3858 /* heart_029.png in Resources */ = {isa = PBXBuildFile; fileRef = 66F3E47D2451407C00DE3858 /* heart_029.png */; };
		66F3E4D02451407C00DE3858 /* heart_015.png in Resources */ = {isa = PBXBuildFile; fileRef = 66F3E47E2451407C00DE3858 /* heart_015.png */; };
		66F3E4D12451407C00DE3858 /* heart_001.png in Resources */ = {isa = PBXBuildFile; fileRef = 66F3E47F2451407C00DE3858 /* heart_001.png */; };
		66F3E4D22451407C00DE3858 /* heart_000.png in Resources */ = {isa = PBXBuildFile; fileRef = 66F3E4802451407C00DE3858 /* heart_000.png */; };
		66F3E4D32451407C00DE3858 /* heart_014.png in Resources */ = {isa = PBXBuildFile; fileRef = 66F3E4812451407C00DE3858 /* heart_014.png */; };
		66F3E4D42451407C00DE3858 /* heart_028.png in Resources */ = {isa = PBXBuildFile; fileRef = 66F3E4822451407C00DE3858 /* heart_028.png */; };
		66F3E4D52451407C00DE3858 /* heart_002.png in Resources */ = {isa = PBXBuildFile; fileRef = 66F3E4832451407C00DE3858 /* heart_002.png */; };
		66F3E4D62451407C00DE3858 /* heart_016.png in Resources */ = {isa = PBXBuildFile; fileRef = 66F3E4842451407C00DE3858 /* heart_016.png */; };
		66F3E4D72451407C00DE3858 /* heart_017.png in Resources */ = {isa = PBXBuildFile; fileRef = 66F3E4852451407C00DE3858 /* heart_017.png */; };
		66F3E4D82451407C00DE3858 /* heart_003.png in Resources */ = {isa = PBXBuildFile; fileRef = 66F3E4862451407C00DE3858 /* heart_003.png */; };
		66F3E4D92451407C00DE3858 /* heart_007.png in Resources */ = {isa = PBXBuildFile; fileRef = 66F3E4872451407C00DE3858 /* heart_007.png */; };
		66F3E4DA2451407C00DE3858 /* heart_013.png in Resources */ = {isa = PBXBuildFile; fileRef = 66F3E4882451407C00DE3858 /* heart_013.png */; };
		66F3E4DB2451407C00DE3858 /* heart_012.png in Resources */ = {isa = PBXBuildFile; fileRef = 66F3E4892451407C00DE3858 /* heart_012.png */; };
		66F3E4DC2451407C00DE3858 /* heart_006.png in Resources */ = {isa = PBXBuildFile; fileRef = 66F3E48A2451407C00DE3858 /* heart_006.png */; };
		66F3E4DD2451407C00DE3858 /* heart_010.png in Resources */ = {isa = PBXBuildFile; fileRef = 66F3E48B2451407C00DE3858 /* heart_010.png */; };
		66F3E4DE2451407C00DE3858 /* heart_004.png in Resources */ = {isa = PBXBuildFile; fileRef = 66F3E48C2451407C00DE3858 /* heart_004.png */; };
		66F3E4DF2451407C00DE3858 /* heart_038.png in Resources */ = {isa = PBXBuildFile; fileRef = 66F3E48D2451407C00DE3858 /* heart_038.png */; };
		66F3E4E02451407C00DE3858 /* heart_039.png in Resources */ = {isa = PBXBuildFile; fileRef = 66F3E48E2451407C00DE3858 /* heart_039.png */; };
		66F3E4E12451407C00DE3858 /* heart_005.png in Resources */ = {isa = PBXBuildFile; fileRef = 66F3E48F2451407C00DE3858 /* heart_005.png */; };
		66F3E4E22451407C00DE3858 /* heart_011.png in Resources */ = {isa = PBXBuildFile; fileRef = 66F3E4902451407C00DE3858 /* heart_011.png */; };
		66F3E4E32451407C00DE3858 /* heart_076.png in Resources */ = {isa = PBXBuildFile; fileRef = 66F3E4912451407C00DE3858 /* heart_076.png */; };
		66F3E4E42451407C00DE3858 /* heart_062.png in Resources */ = {isa = PBXBuildFile; fileRef = 66F3E4922451407C00DE3858 /* heart_062.png */; };
		66F3E4E52451407C00DE3858 /* heart_063.png in Resources */ = {isa = PBXBuildFile; fileRef = 66F3E4932451407C00DE3858 /* heart_063.png */; };
		66F3E4E62451407C00DE3858 /* heart_077.png in Resources */ = {isa = PBXBuildFile; fileRef = 66F3E4942451407C00DE3858 /* heart_077.png */; };
		66F3E4E72451407C00DE3858 /* heart_049.png in Resources */ = {isa = PBXBuildFile; fileRef = 66F3E4952451407C00DE3858 /* heart_049.png */; };
		66F3E4E82451407C00DE3858 /* heart_061.png in Resources */ = {isa = PBXBuildFile; fileRef = 66F3E4962451407C00DE3858 /* heart_061.png */; };
		66F3E4E92451407C00DE3858 /* heart_075.png in Resources */ = {isa = PBXBuildFile; fileRef = 66F3E4972451407C00DE3858 /* heart_075.png */; };
		66F3E4EA2451407C00DE3858 /* heart_074.png in Resources */ = {isa = PBXBuildFile; fileRef = 66F3E4982451407C00DE3858 /* heart_074.png */; };
		66F3E4EB2451407C00DE3858 /* heart_060.png in Resources */ = {isa = PBXBuildFile; fileRef = 66F3E4992451407C00DE3858 /* heart_060.png */; };
		66F3E4EC2451407C00DE3858 /* heart_048.png in Resources */ = {isa = PBXBuildFile; fileRef = 66F3E49A2451407C00DE3858 /* heart_048.png */; };
		66F3E4ED2451407C00DE3858 /* heart_064.png in Resources */ = {isa = PBXBuildFile; fileRef = 66F3E49B2451407C00DE3858 /* heart_064.png */; };
		66F3E4EE2451407C00DE3858 /* heart_070.png in Resources */ = {isa = PBXBuildFile; fileRef = 66F3E49C2451407C00DE3858 /* heart_070.png */; };
		66F3E4EF2451407C00DE3858 /* heart_058.png in Resources */ = {isa = PBXBuildFile; fileRef = 66F3E49D2451407C00DE3858 /* heart_058.png */; };
		66F3E4F02451407C00DE3858 /* heart_059.png in Resources */ = {isa = PBXBuildFile; fileRef = 66F3E49E2451407C00DE3858 /* heart_059.png */; };
		66F3E4F12451407C00DE3858 /* heart_071.png in Resources */ = {isa = PBXBuildFile; fileRef = 66F3E49F2451407C00DE3858 /* heart_071.png */; };
		66F3E4F22451407C00DE3858 /* heart_065.png in Resources */ = {isa = PBXBuildFile; fileRef = 66F3E4A02451407C00DE3858 /* heart_065.png */; };
		66F3E4F32451407C00DE3858 /* heart_073.png in Resources */ = {isa = PBXBuildFile; fileRef = 66F3E4A12451407C00DE3858 /* heart_073.png */; };
		66F3E4F42451407C00DE3858 /* heart_067.png in Resources */ = {isa = PBXBuildFile; fileRef = 66F3E4A22451407C00DE3858 /* heart_067.png */; };
		66F3E4F52451407C00DE3858 /* heart_066.png in Resources */ = {isa = PBXBuildFile; fileRef = 66F3E4A32451407C00DE3858 /* heart_066.png */; };
		66F3E4F62451407C00DE3858 /* heart_072.png in Resources */ = {isa = PBXBuildFile; fileRef = 66F3E4A42451407C00DE3858 /* heart_072.png */; };
		66F3E4FC2451418200DE3858 /* like.json in Resources */ = {isa = PBXBuildFile; fileRef = 66F3E4FB2451418200DE3858 /* like.json */; };
		66F3E4FF245142A700DE3858 /* facepoint2.jpg in Resources */ = {isa = PBXBuildFile; fileRef = 66F3E4FD245142A700DE3858 /* facepoint2.jpg */; };
		66F3E500245142A700DE3858 /* facepoint.png in Resources */ = {isa = PBXBuildFile; fileRef = 66F3E4FE245142A700DE3858 /* facepoint.png */; };
		66F3E502245146C800DE3858 /* OMStickerFrame.swift in Sources */ = {isa = PBXBuildFile; fileRef = 66F3E501245146C800DE3858 /* OMStickerFrame.swift */; };
		66F3E505245189BE00DE3858 /* OMStickerManager.swift in Sources */ = {isa = PBXBuildFile; fileRef = 66F3E504245189BE00DE3858 /* OMStickerManager.swift */; };
		66F3E507245193B200DE3858 /* OMStickerFilter.swift in Sources */ = {isa = PBXBuildFile; fileRef = 66F3E506245193B200DE3858 /* OMStickerFilter.swift */; };
		66F9F29C244703EA005D05AA /* OMFaceDetect.swift in Sources */ = {isa = PBXBuildFile; fileRef = 66F9F29B244703EA005D05AA /* OMFaceDetect.swift */; };
		66F9F2B424470B2E005D05AA /* MGFaceLicenseHandle.mm in Sources */ = {isa = PBXBuildFile; fileRef = 66F9F2B024470B2E005D05AA /* MGFaceLicenseHandle.mm */; };
		66F9F2B524470E1A005D05AA /* AVFoundation.framework in Frameworks */ = {isa = PBXBuildFile; fileRef = 6607DC0E2419D8BA00CC5C69 /* AVFoundation.framework */; };
		66F9F2B624470E20005D05AA /* CoreMedia.framework in Frameworks */ = {isa = PBXBuildFile; fileRef = 66B3AB44243EF87B00036858 /* CoreMedia.framework */; };
		66F9F2B824470E29005D05AA /* QuartzCore.framework in Frameworks */ = {isa = PBXBuildFile; fileRef = 66F9F2B724470E29005D05AA /* QuartzCore.framework */; };
		66F9F2C224471108005D05AA /* libMGFacepp-0.5.2.a in Frameworks */ = {isa = PBXBuildFile; fileRef = 66F9F2BA24471107005D05AA /* libMGFacepp-0.5.2.a */; };
		66F9F2C324471108005D05AA /* megviifacepp_0_5_2_model in Resources */ = {isa = PBXBuildFile; fileRef = 66F9F2BC24471107005D05AA /* megviifacepp_0_5_2_model */; };
		66F9F2CF24471231005D05AA /* libMGLicMgrSDK-0.3.1.a in Frameworks */ = {isa = PBXBuildFile; fileRef = 66F9F2CC24471231005D05AA /* libMGLicMgrSDK-0.3.1.a */; };
		66F9F2D324483C73005D05AA /* OMFaceBeautyFilter.swift in Sources */ = {isa = PBXBuildFile; fileRef = 66F9F2D224483C73005D05AA /* OMFaceBeautyFilter.swift */; };
		66F9F2D524484E20005D05AA /* landmarks.metal in Sources */ = {isa = PBXBuildFile; fileRef = 66F9F2D424484E20005D05AA /* landmarks.metal */; };
/* End PBXBuildFile section */

/* Begin PBXContainerItemProxy section */
		6607DBD72419D7D100CC5C69 /* PBXContainerItemProxy */ = {
			isa = PBXContainerItemProxy;
			containerPortal = 6607DBB82419D7C800CC5C69 /* Project object */;
			proxyType = 1;
			remoteGlobalIDString = 6607DBBF2419D7C800CC5C69;
			remoteInfo = OpenGPUShowcase;
		};
		6607DBE22419D7D100CC5C69 /* PBXContainerItemProxy */ = {
			isa = PBXContainerItemProxy;
			containerPortal = 6607DBB82419D7C800CC5C69 /* Project object */;
			proxyType = 1;
			remoteGlobalIDString = 6607DBBF2419D7C800CC5C69;
			remoteInfo = OpenGPUShowcase;
		};
/* End PBXContainerItemProxy section */

/* Begin PBXFileReference section */
		6607DBC02419D7C800CC5C69 /* OpenGPU.app */ = {isa = PBXFileReference; explicitFileType = wrapper.application; includeInIndex = 0; path = OpenGPU.app; sourceTree = BUILT_PRODUCTS_DIR; };
		6607DBC32419D7C800CC5C69 /* AppDelegate.swift */ = {isa = PBXFileReference; lastKnownFileType = sourcecode.swift; path = AppDelegate.swift; sourceTree = "<group>"; };
		6607DBC72419D7C800CC5C69 /* ViewController.swift */ = {isa = PBXFileReference; lastKnownFileType = sourcecode.swift; path = ViewController.swift; sourceTree = "<group>"; };
		6607DBCA2419D7C800CC5C69 /* Base */ = {isa = PBXFileReference; lastKnownFileType = file.storyboard; name = Base; path = Base.lproj/Main.storyboard; sourceTree = "<group>"; };
		6607DBCC2419D7D100CC5C69 /* Assets.xcassets */ = {isa = PBXFileReference; lastKnownFileType = folder.assetcatalog; path = Assets.xcassets; sourceTree = "<group>"; };
		6607DBCF2419D7D100CC5C69 /* Base */ = {isa = PBXFileReference; lastKnownFileType = file.storyboard; name = Base; path = Base.lproj/LaunchScreen.storyboard; sourceTree = "<group>"; };
		6607DBD12419D7D100CC5C69 /* Info.plist */ = {isa = PBXFileReference; lastKnownFileType = text.plist.xml; path = Info.plist; sourceTree = "<group>"; };
		6607DBD62419D7D100CC5C69 /* OpenGPUShowcaseTests.xctest */ = {isa = PBXFileReference; explicitFileType = wrapper.cfbundle; includeInIndex = 0; path = OpenGPUShowcaseTests.xctest; sourceTree = BUILT_PRODUCTS_DIR; };
		6607DBDA2419D7D100CC5C69 /* OpenGPUShowcaseTests.swift */ = {isa = PBXFileReference; lastKnownFileType = sourcecode.swift; path = OpenGPUShowcaseTests.swift; sourceTree = "<group>"; };
		6607DBDC2419D7D100CC5C69 /* Info.plist */ = {isa = PBXFileReference; lastKnownFileType = text.plist.xml; path = Info.plist; sourceTree = "<group>"; };
		6607DBE12419D7D100CC5C69 /* OpenGPUShowcaseUITests.xctest */ = {isa = PBXFileReference; explicitFileType = wrapper.cfbundle; includeInIndex = 0; path = OpenGPUShowcaseUITests.xctest; sourceTree = BUILT_PRODUCTS_DIR; };
		6607DBE52419D7D100CC5C69 /* OpenGPUShowcaseUITests.swift */ = {isa = PBXFileReference; lastKnownFileType = sourcecode.swift; path = OpenGPUShowcaseUITests.swift; sourceTree = "<group>"; };
		6607DBE72419D7D100CC5C69 /* Info.plist */ = {isa = PBXFileReference; lastKnownFileType = text.plist.xml; path = Info.plist; sourceTree = "<group>"; };
		6607DBF52419D83100CC5C69 /* OGRenderView.swift */ = {isa = PBXFileReference; fileEncoding = 4; lastKnownFileType = sourcecode.swift; path = OGRenderView.swift; sourceTree = "<group>"; };
		6607DBF62419D83100CC5C69 /* OGRenderHelper.swift */ = {isa = PBXFileReference; fileEncoding = 4; lastKnownFileType = sourcecode.swift; path = OGRenderHelper.swift; sourceTree = "<group>"; };
		6607DBF72419D83100CC5C69 /* OGPipeline.swift */ = {isa = PBXFileReference; fileEncoding = 4; lastKnownFileType = sourcecode.swift; path = OGPipeline.swift; sourceTree = "<group>"; };
		6607DBF82419D83100CC5C69 /* OGCamera.swift */ = {isa = PBXFileReference; fileEncoding = 4; lastKnownFileType = sourcecode.swift; path = OGCamera.swift; sourceTree = "<group>"; };
		6607DBFA2419D83100CC5C69 /* OGShaderLanguage.swift */ = {isa = PBXFileReference; fileEncoding = 4; lastKnownFileType = sourcecode.swift; path = OGShaderLanguage.swift; sourceTree = "<group>"; };
		6607DBFC2419D83100CC5C69 /* OGEAGLContext.swift */ = {isa = PBXFileReference; fileEncoding = 4; lastKnownFileType = sourcecode.swift; path = OGEAGLContext.swift; sourceTree = "<group>"; };
		6607DBFD2419D83100CC5C69 /* OGImageOrentation.swift */ = {isa = PBXFileReference; fileEncoding = 4; lastKnownFileType = sourcecode.swift; path = OGImageOrentation.swift; sourceTree = "<group>"; };
		6607DBFE2419D83100CC5C69 /* OGFramebufferCache.swift */ = {isa = PBXFileReference; fileEncoding = 4; lastKnownFileType = sourcecode.swift; path = OGFramebufferCache.swift; sourceTree = "<group>"; };
		6607DBFF2419D83100CC5C69 /* OGShaderProgram.swift */ = {isa = PBXFileReference; fileEncoding = 4; lastKnownFileType = sourcecode.swift; path = OGShaderProgram.swift; sourceTree = "<group>"; };
		6607DC002419D83100CC5C69 /* OGFramebuffer.swift */ = {isa = PBXFileReference; fileEncoding = 4; lastKnownFileType = sourcecode.swift; path = OGFramebuffer.swift; sourceTree = "<group>"; };
		6607DC012419D83100CC5C69 /* OGColor.swift */ = {isa = PBXFileReference; fileEncoding = 4; lastKnownFileType = sourcecode.swift; path = OGColor.swift; sourceTree = "<group>"; };
		6607DC0E2419D8BA00CC5C69 /* AVFoundation.framework */ = {isa = PBXFileReference; lastKnownFileType = wrapper.framework; name = AVFoundation.framework; path = System/Library/Frameworks/AVFoundation.framework; sourceTree = SDKROOT; };
		6607DC102419D8C200CC5C69 /* OpenGLES.framework */ = {isa = PBXFileReference; lastKnownFileType = wrapper.framework; name = OpenGLES.framework; path = System/Library/Frameworks/OpenGLES.framework; sourceTree = SDKROOT; };
		6607DC122419D93900CC5C69 /* CoreGraphics.framework */ = {isa = PBXFileReference; lastKnownFileType = wrapper.framework; name = CoreGraphics.framework; path = System/Library/Frameworks/CoreGraphics.framework; sourceTree = SDKROOT; };
		6607DC142419D96800CC5C69 /* UIKit.framework */ = {isa = PBXFileReference; lastKnownFileType = wrapper.framework; name = UIKit.framework; path = System/Library/Frameworks/UIKit.framework; sourceTree = SDKROOT; };
		6655054A2431C2EA00045191 /* OMTexture.swift */ = {isa = PBXFileReference; lastKnownFileType = sourcecode.swift; path = OMTexture.swift; sourceTree = "<group>"; };
		6655054E2431C7C800045191 /* OMPipline.swift */ = {isa = PBXFileReference; lastKnownFileType = sourcecode.swift; path = OMPipline.swift; sourceTree = "<group>"; };
		665505502431C96C00045191 /* OMCamera.swift */ = {isa = PBXFileReference; lastKnownFileType = sourcecode.swift; path = OMCamera.swift; sourceTree = "<group>"; };
		665505522431D22000045191 /* OMRenderDevice.swift */ = {isa = PBXFileReference; lastKnownFileType = sourcecode.swift; path = OMRenderDevice.swift; sourceTree = "<group>"; };
		66801A3724205EB9006F7D1A /* OGBaseFilter.swift */ = {isa = PBXFileReference; lastKnownFileType = sourcecode.swift; path = OGBaseFilter.swift; sourceTree = "<group>"; };
		66801A4024249A0B006F7D1A /* RGBFilter.swift */ = {isa = PBXFileReference; lastKnownFileType = sourcecode.swift; path = RGBFilter.swift; sourceTree = "<group>"; };
		66937B79244ED51400764A5C /* coordinateOffsetCalculator.metal */ = {isa = PBXFileReference; lastKnownFileType = sourcecode.metal; path = coordinateOffsetCalculator.metal; sourceTree = "<group>"; };
		669D1AFF2431DF9E0037B301 /* OMRenderView.swift */ = {isa = PBXFileReference; lastKnownFileType = sourcecode.swift; path = OMRenderView.swift; sourceTree = "<group>"; };
		669D1B012431EA680037B301 /* OMRender.swift */ = {isa = PBXFileReference; lastKnownFileType = sourcecode.swift; path = OMRender.swift; sourceTree = "<group>"; };
		669D1B042432CF3A0037B301 /* RenderPass.metal */ = {isa = PBXFileReference; lastKnownFileType = sourcecode.metal; path = RenderPass.metal; sourceTree = "<group>"; };
		669D1B062432CF7E0037B301 /* MTLShaderTypes.h */ = {isa = PBXFileReference; lastKnownFileType = sourcecode.c.h; path = MTLShaderTypes.h; sourceTree = "<group>"; };
		66B3A947243331B300036858 /* OMBaseFilter.swift */ = {isa = PBXFileReference; lastKnownFileType = sourcecode.swift; path = OMBaseFilter.swift; sourceTree = "<group>"; };
		66B3A949243587E400036858 /* OMBaseFilter.metal */ = {isa = PBXFileReference; lastKnownFileType = sourcecode.metal; path = OMBaseFilter.metal; sourceTree = "<group>"; };
		66B3AB3E243DCEEA00036858 /* OMLookupFilter.swift */ = {isa = PBXFileReference; lastKnownFileType = sourcecode.swift; path = OMLookupFilter.swift; sourceTree = "<group>"; };
		66B3AB40243DCF8F00036858 /* OMLookup.metal */ = {isa = PBXFileReference; lastKnownFileType = sourcecode.metal; path = OMLookup.metal; sourceTree = "<group>"; };
		66B3AB42243EF87500036858 /* CoreMotion.framework */ = {isa = PBXFileReference; lastKnownFileType = wrapper.framework; name = CoreMotion.framework; path = System/Library/Frameworks/CoreMotion.framework; sourceTree = SDKROOT; };
		66B3AB44243EF87B00036858 /* CoreMedia.framework */ = {isa = PBXFileReference; lastKnownFileType = wrapper.framework; name = CoreMedia.framework; path = System/Library/Frameworks/CoreMedia.framework; sourceTree = SDKROOT; };
		66B3AB53243F15DA00036858 /* OMImageProcesser.swift */ = {isa = PBXFileReference; lastKnownFileType = sourcecode.swift; path = OMImageProcesser.swift; sourceTree = "<group>"; };
		66B3AB56243F26B100036858 /* bai.png */ = {isa = PBXFileReference; lastKnownFileType = image.png; path = bai.png; sourceTree = "<group>"; };
		66B56522244FF3A500B86F0D /* landmarks_v2.metal */ = {isa = PBXFileReference; fileEncoding = 4; lastKnownFileType = sourcecode.metal; path = landmarks_v2.metal; sourceTree = "<group>"; };
		66F3E4492451319200DE3858 /* OMStickerProtocol.swift */ = {isa = PBXFileReference; lastKnownFileType = sourcecode.swift; path = OMStickerProtocol.swift; sourceTree = "<group>"; };
		66F3E44B245132A800DE3858 /* OMStickerFrameList.swift */ = {isa = PBXFileReference; lastKnownFileType = sourcecode.swift; path = OMStickerFrameList.swift; sourceTree = "<group>"; };
		66F3E44D24513F7B00DE3858 /* OMSticker.swift */ = {isa = PBXFileReference; lastKnownFileType = sourcecode.swift; path = OMSticker.swift; sourceTree = "<group>"; };
		66F3E44F24513FFD00DE3858 /* OMStickerConfigManager.swift */ = {isa = PBXFileReference; lastKnownFileType = sourcecode.swift; path = OMStickerConfigManager.swift; sourceTree = "<group>"; };
		66F3E4542451407C00DE3858 /* heart_080.png */ = {isa = PBXFileReference; lastKnownFileType = image.png; path = heart_080.png; sourceTree = "<group>"; };
		66F3E4552451407C00DE3858 /* heart_057.png */ = {isa = PBXFileReference; lastKnownFileType = image.png; path = heart_057.png; sourceTree = "<group>"; };
		66F3E4562451407C00DE3858 /* heart_043.png */ = {isa = PBXFileReference; lastKnownFileType = image.png; path = heart_043.png; sourceTree = "<group>"; };
		66F3E4572451407C00DE3858 /* heart_042.png */ = {isa = PBXFileReference; lastKnownFileType = image.png; path = heart_042.png; sourceTree = "<group>"; };
		66F3E4582451407C00DE3858 /* heart_056.png */ = {isa = PBXFileReference; lastKnownFileType = image.png; path = heart_056.png; sourceTree = "<group>"; };
		66F3E4592451407C00DE3858 /* heart_068.png */ = {isa = PBXFileReference; lastKnownFileType = image.png; path = heart_068.png; sourceTree = "<group>"; };
		66F3E45A2451407C00DE3858 /* heart_040.png */ = {isa = PBXFileReference; lastKnownFileType = image.png; path = heart_040.png; sourceTree = "<group>"; };
		66F3E45B2451407C00DE3858 /* heart_054.png */ = {isa = PBXFileReference; lastKnownFileType = image.png; path = heart_054.png; sourceTree = "<group>"; };
		66F3E45C2451407C00DE3858 /* heart_055.png */ = {isa = PBXFileReference; lastKnownFileType = image.png; path = heart_055.png; sourceTree = "<group>"; };
		66F3E45D2451407C00DE3858 /* heart_041.png */ = {isa = PBXFileReference; lastKnownFileType = image.png; path = heart_041.png; sourceTree = "<group>"; };
		66F3E45E2451407C00DE3858 /* heart_069.png */ = {isa = PBXFileReference; lastKnownFileType = image.png; path = heart_069.png; sourceTree = "<group>"; };
		66F3E45F2451407C00DE3858 /* heart_045.png */ = {isa = PBXFileReference; lastKnownFileType = image.png; path = heart_045.png; sourceTree = "<group>"; };
		66F3E4602451407C00DE3858 /* heart_051.png */ = {isa = PBXFileReference; lastKnownFileType = image.png; path = heart_051.png; sourceTree = "<group>"; };
		66F3E4612451407C00DE3858 /* heart_079.png */ = {isa = PBXFileReference; lastKnownFileType = image.png; path = heart_079.png; sourceTree = "<group>"; };
		66F3E4622451407C00DE3858 /* heart_078.png */ = {isa = PBXFileReference; lastKnownFileType = image.png; path = heart_078.png; sourceTree = "<group>"; };
		66F3E4632451407C00DE3858 /* heart_050.png */ = {isa = PBXFileReference; lastKnownFileType = image.png; path = heart_050.png; sourceTree = "<group>"; };
		66F3E4642451407C00DE3858 /* heart_044.png */ = {isa = PBXFileReference; lastKnownFileType = image.png; path = heart_044.png; sourceTree = "<group>"; };
		66F3E4652451407C00DE3858 /* heart_052.png */ = {isa = PBXFileReference; lastKnownFileType = image.png; path = heart_052.png; sourceTree = "<group>"; };
		66F3E4662451407C00DE3858 /* heart_046.png */ = {isa = PBXFileReference; lastKnownFileType = image.png; path = heart_046.png; sourceTree = "<group>"; };
		66F3E4672451407C00DE3858 /* heart_047.png */ = {isa = PBXFileReference; lastKnownFileType = image.png; path = heart_047.png; sourceTree = "<group>"; };
		66F3E4682451407C00DE3858 /* heart_053.png */ = {isa = PBXFileReference; lastKnownFileType = image.png; path = heart_053.png; sourceTree = "<group>"; };
		66F3E4692451407C00DE3858 /* heart_008.png */ = {isa = PBXFileReference; lastKnownFileType = image.png; path = heart_008.png; sourceTree = "<group>"; };
		66F3E46A2451407C00DE3858 /* heart_034.png */ = {isa = PBXFileReference; lastKnownFileType = image.png; path = heart_034.png; sourceTree = "<group>"; };
		66F3E46B2451407C00DE3858 /* heart_020.png */ = {isa = PBXFileReference; lastKnownFileType = image.png; path = heart_020.png; sourceTree = "<group>"; };
		66F3E46C2451407C00DE3858 /* heart_021.png */ = {isa = PBXFileReference; lastKnownFileType = image.png; path = heart_021.png; sourceTree = "<group>"; };
		66F3E46D2451407C00DE3858 /* heart_035.png */ = {isa = PBXFileReference; lastKnownFileType = image.png; path = heart_035.png; sourceTree = "<group>"; };
		66F3E46E2451407C00DE3858 /* heart_009.png */ = {isa = PBXFileReference; lastKnownFileType = image.png; path = heart_009.png; sourceTree = "<group>"; };
		66F3E46F2451407C00DE3858 /* heart_023.png */ = {isa = PBXFileReference; lastKnownFileType = image.png; path = heart_023.png; sourceTree = "<group>"; };
		66F3E4702451407C00DE3858 /* heart_037.png */ = {isa = PBXFileReference; lastKnownFileType = image.png; path = heart_037.png; sourceTree = "<group>"; };
		66F3E4712451407C00DE3858 /* heart_036.png */ = {isa = PBXFileReference; lastKnownFileType = image.png; path = heart_036.png; sourceTree = "<group>"; };
		66F3E4722451407C00DE3858 /* heart_022.png */ = {isa = PBXFileReference; lastKnownFileType = image.png; path = heart_022.png; sourceTree = "<group>"; };
		66F3E4732451407C00DE3858 /* heart_026.png */ = {isa = PBXFileReference; lastKnownFileType = image.png; path = heart_026.png; sourceTree = "<group>"; };
		66F3E4742451407C00DE3858 /* heart_032.png */ = {isa = PBXFileReference; lastKnownFileType = image.png; path = heart_032.png; sourceTree = "<group>"; };
		66F3E4752451407C00DE3858 /* heart_033.png */ = {isa = PBXFileReference; lastKnownFileType = image.png; path = heart_033.png; sourceTree = "<group>"; };
		66F3E4762451407C00DE3858 /* heart_027.png */ = {isa = PBXFileReference; lastKnownFileType = image.png; path = heart_027.png; sourceTree = "<group>"; };
		66F3E4772451407C00DE3858 /* heart_031.png */ = {isa = PBXFileReference; lastKnownFileType = image.png; path = heart_031.png; sourceTree = "<group>"; };
		66F3E4782451407C00DE3858 /* heart_025.png */ = {isa = PBXFileReference; lastKnownFileType = image.png; path = heart_025.png; sourceTree = "<group>"; };
		66F3E4792451407C00DE3858 /* heart_019.png */ = {isa = PBXFileReference; lastKnownFileType = image.png; path = heart_019.png; sourceTree = "<group>"; };
		66F3E47A2451407C00DE3858 /* heart_018.png */ = {isa = PBXFileReference; lastKnownFileType = image.png; path = heart_018.png; sourceTree = "<group>"; };
		66F3E47B2451407C00DE3858 /* heart_024.png */ = {isa = PBXFileReference; lastKnownFileType = image.png; path = heart_024.png; sourceTree = "<group>"; };
		66F3E47C2451407C00DE3858 /* heart_030.png */ = {isa = PBXFileReference; lastKnownFileType = image.png; path = heart_030.png; sourceTree = "<group>"; };
		66F3E47D2451407C00DE3858 /* heart_029.png */ = {isa = PBXFileReference; lastKnownFileType = image.png; path = heart_029.png; sourceTree = "<group>"; };
		66F3E47E2451407C00DE3858 /* heart_015.png */ = {isa = PBXFileReference; lastKnownFileType = image.png; path = heart_015.png; sourceTree = "<group>"; };
		66F3E47F2451407C00DE3858 /* heart_001.png */ = {isa = PBXFileReference; lastKnownFileType = image.png; path = heart_001.png; sourceTree = "<group>"; };
		66F3E4802451407C00DE3858 /* heart_000.png */ = {isa = PBXFileReference; lastKnownFileType = image.png; path = heart_000.png; sourceTree = "<group>"; };
		66F3E4812451407C00DE3858 /* heart_014.png */ = {isa = PBXFileReference; lastKnownFileType = image.png; path = heart_014.png; sourceTree = "<group>"; };
		66F3E4822451407C00DE3858 /* heart_028.png */ = {isa = PBXFileReference; lastKnownFileType = image.png; path = heart_028.png; sourceTree = "<group>"; };
		66F3E4832451407C00DE3858 /* heart_002.png */ = {isa = PBXFileReference; lastKnownFileType = image.png; path = heart_002.png; sourceTree = "<group>"; };
		66F3E4842451407C00DE3858 /* heart_016.png */ = {isa = PBXFileReference; lastKnownFileType = image.png; path = heart_016.png; sourceTree = "<group>"; };
		66F3E4852451407C00DE3858 /* heart_017.png */ = {isa = PBXFileReference; lastKnownFileType = image.png; path = heart_017.png; sourceTree = "<group>"; };
		66F3E4862451407C00DE3858 /* heart_003.png */ = {isa = PBXFileReference; lastKnownFileType = image.png; path = heart_003.png; sourceTree = "<group>"; };
		66F3E4872451407C00DE3858 /* heart_007.png */ = {isa = PBXFileReference; lastKnownFileType = image.png; path = heart_007.png; sourceTree = "<group>"; };
		66F3E4882451407C00DE3858 /* heart_013.png */ = {isa = PBXFileReference; lastKnownFileType = image.png; path = heart_013.png; sourceTree = "<group>"; };
		66F3E4892451407C00DE3858 /* heart_012.png */ = {isa = PBXFileReference; lastKnownFileType = image.png; path = heart_012.png; sourceTree = "<group>"; };
		66F3E48A2451407C00DE3858 /* heart_006.png */ = {isa = PBXFileReference; lastKnownFileType = image.png; path = heart_006.png; sourceTree = "<group>"; };
		66F3E48B2451407C00DE3858 /* heart_010.png */ = {isa = PBXFileReference; lastKnownFileType = image.png; path = heart_010.png; sourceTree = "<group>"; };
		66F3E48C2451407C00DE3858 /* heart_004.png */ = {isa = PBXFileReference; lastKnownFileType = image.png; path = heart_004.png; sourceTree = "<group>"; };
		66F3E48D2451407C00DE3858 /* heart_038.png */ = {isa = PBXFileReference; lastKnownFileType = image.png; path = heart_038.png; sourceTree = "<group>"; };
		66F3E48E2451407C00DE3858 /* heart_039.png */ = {isa = PBXFileReference; lastKnownFileType = image.png; path = heart_039.png; sourceTree = "<group>"; };
		66F3E48F2451407C00DE3858 /* heart_005.png */ = {isa = PBXFileReference; lastKnownFileType = image.png; path = heart_005.png; sourceTree = "<group>"; };
		66F3E4902451407C00DE3858 /* heart_011.png */ = {isa = PBXFileReference; lastKnownFileType = image.png; path = heart_011.png; sourceTree = "<group>"; };
		66F3E4912451407C00DE3858 /* heart_076.png */ = {isa = PBXFileReference; lastKnownFileType = image.png; path = heart_076.png; sourceTree = "<group>"; };
		66F3E4922451407C00DE3858 /* heart_062.png */ = {isa = PBXFileReference; lastKnownFileType = image.png; path = heart_062.png; sourceTree = "<group>"; };
		66F3E4932451407C00DE3858 /* heart_063.png */ = {isa = PBXFileReference; lastKnownFileType = image.png; path = heart_063.png; sourceTree = "<group>"; };
		66F3E4942451407C00DE3858 /* heart_077.png */ = {isa = PBXFileReference; lastKnownFileType = image.png; path = heart_077.png; sourceTree = "<group>"; };
		66F3E4952451407C00DE3858 /* heart_049.png */ = {isa = PBXFileReference; lastKnownFileType = image.png; path = heart_049.png; sourceTree = "<group>"; };
		66F3E4962451407C00DE3858 /* heart_061.png */ = {isa = PBXFileReference; lastKnownFileType = image.png; path = heart_061.png; sourceTree = "<group>"; };
		66F3E4972451407C00DE3858 /* heart_075.png */ = {isa = PBXFileReference; lastKnownFileType = image.png; path = heart_075.png; sourceTree = "<group>"; };
		66F3E4982451407C00DE3858 /* heart_074.png */ = {isa = PBXFileReference; lastKnownFileType = image.png; path = heart_074.png; sourceTree = "<group>"; };
		66F3E4992451407C00DE3858 /* heart_060.png */ = {isa = PBXFileReference; lastKnownFileType = image.png; path = heart_060.png; sourceTree = "<group>"; };
		66F3E49A2451407C00DE3858 /* heart_048.png */ = {isa = PBXFileReference; lastKnownFileType = image.png; path = heart_048.png; sourceTree = "<group>"; };
		66F3E49B2451407C00DE3858 /* heart_064.png */ = {isa = PBXFileReference; lastKnownFileType = image.png; path = heart_064.png; sourceTree = "<group>"; };
		66F3E49C2451407C00DE3858 /* heart_070.png */ = {isa = PBXFileReference; lastKnownFileType = image.png; path = heart_070.png; sourceTree = "<group>"; };
		66F3E49D2451407C00DE3858 /* heart_058.png */ = {isa = PBXFileReference; lastKnownFileType = image.png; path = heart_058.png; sourceTree = "<group>"; };
		66F3E49E2451407C00DE3858 /* heart_059.png */ = {isa = PBXFileReference; lastKnownFileType = image.png; path = heart_059.png; sourceTree = "<group>"; };
		66F3E49F2451407C00DE3858 /* heart_071.png */ = {isa = PBXFileReference; lastKnownFileType = image.png; path = heart_071.png; sourceTree = "<group>"; };
		66F3E4A02451407C00DE3858 /* heart_065.png */ = {isa = PBXFileReference; lastKnownFileType = image.png; path = heart_065.png; sourceTree = "<group>"; };
		66F3E4A12451407C00DE3858 /* heart_073.png */ = {isa = PBXFileReference; lastKnownFileType = image.png; path = heart_073.png; sourceTree = "<group>"; };
		66F3E4A22451407C00DE3858 /* heart_067.png */ = {isa = PBXFileReference; lastKnownFileType = image.png; path = heart_067.png; sourceTree = "<group>"; };
		66F3E4A32451407C00DE3858 /* heart_066.png */ = {isa = PBXFileReference; lastKnownFileType = image.png; path = heart_066.png; sourceTree = "<group>"; };
		66F3E4A42451407C00DE3858 /* heart_072.png */ = {isa = PBXFileReference; lastKnownFileType = image.png; path = heart_072.png; sourceTree = "<group>"; };
		66F3E4FB2451418200DE3858 /* like.json */ = {isa = PBXFileReference; fileEncoding = 4; lastKnownFileType = text.json; path = like.json; sourceTree = "<group>"; };
		66F3E4FD245142A700DE3858 /* facepoint2.jpg */ = {isa = PBXFileReference; lastKnownFileType = image.jpeg; path = facepoint2.jpg; sourceTree = "<group>"; };
		66F3E4FE245142A700DE3858 /* facepoint.png */ = {isa = PBXFileReference; lastKnownFileType = image.png; path = facepoint.png; sourceTree = "<group>"; };
		66F3E501245146C800DE3858 /* OMStickerFrame.swift */ = {isa = PBXFileReference; lastKnownFileType = sourcecode.swift; path = OMStickerFrame.swift; sourceTree = "<group>"; };
		66F3E504245189BE00DE3858 /* OMStickerManager.swift */ = {isa = PBXFileReference; lastKnownFileType = sourcecode.swift; path = OMStickerManager.swift; sourceTree = "<group>"; };
		66F3E506245193B200DE3858 /* OMStickerFilter.swift */ = {isa = PBXFileReference; lastKnownFileType = sourcecode.swift; path = OMStickerFilter.swift; sourceTree = "<group>"; };
		66F9F29B244703EA005D05AA /* OMFaceDetect.swift */ = {isa = PBXFileReference; lastKnownFileType = sourcecode.swift; path = OMFaceDetect.swift; sourceTree = "<group>"; };
		66F9F29D24470437005D05AA /* OpenGPUShowcase-Bridging-Header.h */ = {isa = PBXFileReference; lastKnownFileType = sourcecode.c.h; path = "OpenGPUShowcase-Bridging-Header.h"; sourceTree = "<group>"; };
		66F9F2A024470B2E005D05AA /* MGNetAccount.h */ = {isa = PBXFileReference; fileEncoding = 4; lastKnownFileType = sourcecode.c.h; path = MGNetAccount.h; sourceTree = "<group>"; };
		66F9F2A124470B2E005D05AA /* MGFaceLicenseHandle.h */ = {isa = PBXFileReference; fileEncoding = 4; lastKnownFileType = sourcecode.c.h; path = MGFaceLicenseHandle.h; sourceTree = "<group>"; };
		66F9F2B024470B2E005D05AA /* MGFaceLicenseHandle.mm */ = {isa = PBXFileReference; fileEncoding = 4; lastKnownFileType = sourcecode.cpp.objcpp; path = MGFaceLicenseHandle.mm; sourceTree = "<group>"; };
		66F9F2B724470E29005D05AA /* QuartzCore.framework */ = {isa = PBXFileReference; lastKnownFileType = wrapper.framework; name = QuartzCore.framework; path = System/Library/Frameworks/QuartzCore.framework; sourceTree = SDKROOT; };
		66F9F2B924471105005D05AA /* MGFaceInfo.h */ = {isa = PBXFileReference; fileEncoding = 4; lastKnownFileType = sourcecode.c.h; path = MGFaceInfo.h; sourceTree = "<group>"; };
		66F9F2BA24471107005D05AA /* libMGFacepp-0.5.2.a */ = {isa = PBXFileReference; lastKnownFileType = archive.ar; path = "libMGFacepp-0.5.2.a"; sourceTree = "<group>"; };
		66F9F2BB24471107005D05AA /* MGFaceppCommon.h */ = {isa = PBXFileReference; fileEncoding = 4; lastKnownFileType = sourcecode.c.h; path = MGFaceppCommon.h; sourceTree = "<group>"; };
		66F9F2BC24471107005D05AA /* megviifacepp_0_5_2_model */ = {isa = PBXFileReference; lastKnownFileType = file; path = megviifacepp_0_5_2_model; sourceTree = "<group>"; };
		66F9F2BD24471108005D05AA /* MGFaceppConfig.h */ = {isa = PBXFileReference; fileEncoding = 4; lastKnownFileType = sourcecode.c.h; path = MGFaceppConfig.h; sourceTree = "<group>"; };
		66F9F2BE24471108005D05AA /* MGImageData.h */ = {isa = PBXFileReference; fileEncoding = 4; lastKnownFileType = sourcecode.c.h; path = MGImageData.h; sourceTree = "<group>"; };
		66F9F2BF24471108005D05AA /* MGFacepp.h */ = {isa = PBXFileReference; fileEncoding = 4; lastKnownFileType = sourcecode.c.h; path = MGFacepp.h; sourceTree = "<group>"; };
		66F9F2C024471108005D05AA /* MGDetectRectInfo.h */ = {isa = PBXFileReference; fileEncoding = 4; lastKnownFileType = sourcecode.c.h; path = MGDetectRectInfo.h; sourceTree = "<group>"; };
		66F9F2C124471108005D05AA /* MGAlgorithmInfo.h */ = {isa = PBXFileReference; fileEncoding = 4; lastKnownFileType = sourcecode.c.h; path = MGAlgorithmInfo.h; sourceTree = "<group>"; };
		66F9F2CC24471231005D05AA /* libMGLicMgrSDK-0.3.1.a */ = {isa = PBXFileReference; lastKnownFileType = archive.ar; path = "libMGLicMgrSDK-0.3.1.a"; sourceTree = "<group>"; };
		66F9F2CD24471231005D05AA /* MGLicenseManager.h */ = {isa = PBXFileReference; fileEncoding = 4; lastKnownFileType = sourcecode.c.h; path = MGLicenseManager.h; sourceTree = "<group>"; };
		66F9F2CE24471231005D05AA /* MGLicenseCommon.h */ = {isa = PBXFileReference; fileEncoding = 4; lastKnownFileType = sourcecode.c.h; path = MGLicenseCommon.h; sourceTree = "<group>"; };
		66F9F2D02447126A005D05AA /* libc++.tbd */ = {isa = PBXFileReference; lastKnownFileType = "sourcecode.text-based-dylib-definition"; name = "libc++.tbd"; path = "usr/lib/libc++.tbd"; sourceTree = SDKROOT; };
		66F9F2D224483C73005D05AA /* OMFaceBeautyFilter.swift */ = {isa = PBXFileReference; lastKnownFileType = sourcecode.swift; path = OMFaceBeautyFilter.swift; sourceTree = "<group>"; };
		66F9F2D424484E20005D05AA /* landmarks.metal */ = {isa = PBXFileReference; lastKnownFileType = sourcecode.metal; path = landmarks.metal; sourceTree = "<group>"; };
/* End PBXFileReference section */

/* Begin PBXFrameworksBuildPhase section */
		6607DBBD2419D7C800CC5C69 /* Frameworks */ = {
			isa = PBXFrameworksBuildPhase;
			buildActionMask = 2147483647;
			files = (
				66F9F2CF24471231005D05AA /* libMGLicMgrSDK-0.3.1.a in Frameworks */,
				6607DC132419D93900CC5C69 /* CoreGraphics.framework in Frameworks */,
				66B3AB43243EF87500036858 /* CoreMotion.framework in Frameworks */,
				66F9F2B524470E1A005D05AA /* AVFoundation.framework in Frameworks */,
				66F9F2B824470E29005D05AA /* QuartzCore.framework in Frameworks */,
				6607DC152419D96800CC5C69 /* UIKit.framework in Frameworks */,
				66F9F2B624470E20005D05AA /* CoreMedia.framework in Frameworks */,
				6607DC0F2419D8BA00CC5C69 /* AVFoundation.framework in Frameworks */,
				6607DC112419D8C200CC5C69 /* OpenGLES.framework in Frameworks */,
				66F9F2C224471108005D05AA /* libMGFacepp-0.5.2.a in Frameworks */,
				66B3AB45243EF87B00036858 /* CoreMedia.framework in Frameworks */,
			);
			runOnlyForDeploymentPostprocessing = 0;
		};
		6607DBD32419D7D100CC5C69 /* Frameworks */ = {
			isa = PBXFrameworksBuildPhase;
			buildActionMask = 2147483647;
			files = (
			);
			runOnlyForDeploymentPostprocessing = 0;
		};
		6607DBDE2419D7D100CC5C69 /* Frameworks */ = {
			isa = PBXFrameworksBuildPhase;
			buildActionMask = 2147483647;
			files = (
			);
			runOnlyForDeploymentPostprocessing = 0;
		};
/* End PBXFrameworksBuildPhase section */

/* Begin PBXGroup section */
		6607DBB72419D7C800CC5C69 = {
			isa = PBXGroup;
			children = (
				6607DBC22419D7C800CC5C69 /* OpenGPUShowcase */,
				6607DBD92419D7D100CC5C69 /* OpenGPUShowcaseTests */,
				6607DBE42419D7D100CC5C69 /* OpenGPUShowcaseUITests */,
				6607DBC12419D7C800CC5C69 /* Products */,
				6607DC0D2419D8BA00CC5C69 /* Frameworks */,
			);
			sourceTree = "<group>";
		};
		6607DBC12419D7C800CC5C69 /* Products */ = {
			isa = PBXGroup;
			children = (
				6607DBC02419D7C800CC5C69 /* OpenGPU.app */,
				6607DBD62419D7D100CC5C69 /* OpenGPUShowcaseTests.xctest */,
				6607DBE12419D7D100CC5C69 /* OpenGPUShowcaseUITests.xctest */,
			);
			name = Products;
			sourceTree = "<group>";
		};
		6607DBC22419D7C800CC5C69 /* OpenGPUShowcase */ = {
			isa = PBXGroup;
			children = (
				66B3A9BB243DCAC400036858 /* Libs */,
				665505482431ADFE00045191 /* OpenMetal */,
				6607DBF32419D83100CC5C69 /* OpenGPU */,
				6607DBC32419D7C800CC5C69 /* AppDelegate.swift */,
				6607DBC72419D7C800CC5C69 /* ViewController.swift */,
				66801A4024249A0B006F7D1A /* RGBFilter.swift */,
				66F9F29D24470437005D05AA /* OpenGPUShowcase-Bridging-Header.h */,
				6607DBC92419D7C800CC5C69 /* Main.storyboard */,
				6607DBCC2419D7D100CC5C69 /* Assets.xcassets */,
				6607DBCE2419D7D100CC5C69 /* LaunchScreen.storyboard */,
				6607DBD12419D7D100CC5C69 /* Info.plist */,
			);
			path = OpenGPUShowcase;
			sourceTree = "<group>";
		};
		6607DBD92419D7D100CC5C69 /* OpenGPUShowcaseTests */ = {
			isa = PBXGroup;
			children = (
				6607DBDA2419D7D100CC5C69 /* OpenGPUShowcaseTests.swift */,
				6607DBDC2419D7D100CC5C69 /* Info.plist */,
			);
			path = OpenGPUShowcaseTests;
			sourceTree = "<group>";
		};
		6607DBE42419D7D100CC5C69 /* OpenGPUShowcaseUITests */ = {
			isa = PBXGroup;
			children = (
				6607DBE52419D7D100CC5C69 /* OpenGPUShowcaseUITests.swift */,
				6607DBE72419D7D100CC5C69 /* Info.plist */,
			);
			path = OpenGPUShowcaseUITests;
			sourceTree = "<group>";
		};
		6607DBF32419D83100CC5C69 /* OpenGPU */ = {
			isa = PBXGroup;
			children = (
				66801A3624205C16006F7D1A /* Filter */,
				6607DBF42419D83100CC5C69 /* Render */,
				6607DBF72419D83100CC5C69 /* OGPipeline.swift */,
				6607DBF82419D83100CC5C69 /* OGCamera.swift */,
				6607DBF92419D83100CC5C69 /* Shaders */,
				6607DBFB2419D83100CC5C69 /* Base */,
			);
			path = OpenGPU;
			sourceTree = "<group>";
		};
		6607DBF42419D83100CC5C69 /* Render */ = {
			isa = PBXGroup;
			children = (
				6607DBF52419D83100CC5C69 /* OGRenderView.swift */,
				6607DBF62419D83100CC5C69 /* OGRenderHelper.swift */,
			);
			path = Render;
			sourceTree = "<group>";
		};
		6607DBF92419D83100CC5C69 /* Shaders */ = {
			isa = PBXGroup;
			children = (
				6607DBFA2419D83100CC5C69 /* OGShaderLanguage.swift */,
			);
			path = Shaders;
			sourceTree = "<group>";
		};
		6607DBFB2419D83100CC5C69 /* Base */ = {
			isa = PBXGroup;
			children = (
				6607DBFC2419D83100CC5C69 /* OGEAGLContext.swift */,
				6607DBFD2419D83100CC5C69 /* OGImageOrentation.swift */,
				6607DBFE2419D83100CC5C69 /* OGFramebufferCache.swift */,
				6607DBFF2419D83100CC5C69 /* OGShaderProgram.swift */,
				6607DC002419D83100CC5C69 /* OGFramebuffer.swift */,
				6607DC012419D83100CC5C69 /* OGColor.swift */,
			);
			path = Base;
			sourceTree = "<group>";
		};
		6607DC0D2419D8BA00CC5C69 /* Frameworks */ = {
			isa = PBXGroup;
			children = (
				66F9F2D02447126A005D05AA /* libc++.tbd */,
				66F9F2B724470E29005D05AA /* QuartzCore.framework */,
				66B3AB44243EF87B00036858 /* CoreMedia.framework */,
				66B3AB42243EF87500036858 /* CoreMotion.framework */,
				6607DC142419D96800CC5C69 /* UIKit.framework */,
				6607DC122419D93900CC5C69 /* CoreGraphics.framework */,
				6607DC102419D8C200CC5C69 /* OpenGLES.framework */,
				6607DC0E2419D8BA00CC5C69 /* AVFoundation.framework */,
			);
			name = Frameworks;
			sourceTree = "<group>";
		};
		665505482431ADFE00045191 /* OpenMetal */ = {
			isa = PBXGroup;
			children = (
				66B3AB55243F269700036858 /* Resources */,
				6655054E2431C7C800045191 /* OMPipline.swift */,
				6655054A2431C2EA00045191 /* OMTexture.swift */,
				66F3E4482451314000DE3858 /* Stickers */,
				665505502431C96C00045191 /* OMCamera.swift */,
				665505522431D22000045191 /* OMRenderDevice.swift */,
				669D1AFF2431DF9E0037B301 /* OMRenderView.swift */,
				669D1B012431EA680037B301 /* OMRender.swift */,
				66B3AB53243F15DA00036858 /* OMImageProcesser.swift */,
				66B3AB52243F065D00036858 /* Filter */,
				669D1B032432CED00037B301 /* MTL */,
			);
			path = OpenMetal;
			sourceTree = "<group>";
		};
		66801A3624205C16006F7D1A /* Filter */ = {
			isa = PBXGroup;
			children = (
				66801A3724205EB9006F7D1A /* OGBaseFilter.swift */,
			);
			path = Filter;
			sourceTree = "<group>";
		};
		669D1B032432CED00037B301 /* MTL */ = {
			isa = PBXGroup;
			children = (
				66F9F2D424484E20005D05AA /* landmarks.metal */,
				66937B79244ED51400764A5C /* coordinateOffsetCalculator.metal */,
				66B56522244FF3A500B86F0D /* landmarks_v2.metal */,
				669D1B042432CF3A0037B301 /* RenderPass.metal */,
				66B3AB40243DCF8F00036858 /* OMLookup.metal */,
				66B3A949243587E400036858 /* OMBaseFilter.metal */,
				669D1B062432CF7E0037B301 /* MTLShaderTypes.h */,
			);
			path = MTL;
			sourceTree = "<group>";
		};
		66B3A9BB243DCAC400036858 /* Libs */ = {
			isa = PBXGroup;
			children = (
				66F9F29F24470B2E005D05AA /* Face++ */,
			);
			path = Libs;
			sourceTree = "<group>";
		};
		66B3AB52243F065D00036858 /* Filter */ = {
			isa = PBXGroup;
			children = (
				66B3A947243331B300036858 /* OMBaseFilter.swift */,
				66F3E506245193B200DE3858 /* OMStickerFilter.swift */,
				66B3AB3E243DCEEA00036858 /* OMLookupFilter.swift */,
				66F9F2D224483C73005D05AA /* OMFaceBeautyFilter.swift */,
				66F9F29B244703EA005D05AA /* OMFaceDetect.swift */,
			);
			path = Filter;
			sourceTree = "<group>";
		};
		66B3AB55243F269700036858 /* Resources */ = {
			isa = PBXGroup;
			children = (
				66B3AB56243F26B100036858 /* bai.png */,
			);
			path = Resources;
			sourceTree = "<group>";
		};
		66F3E4482451314000DE3858 /* Stickers */ = {
			isa = PBXGroup;
			children = (
				66F3E4512451406900DE3858 /* Resource */,
				66F3E4492451319200DE3858 /* OMStickerProtocol.swift */,
				66F3E44D24513F7B00DE3858 /* OMSticker.swift */,
				66F3E501245146C800DE3858 /* OMStickerFrame.swift */,
				66F3E504245189BE00DE3858 /* OMStickerManager.swift */,
				66F3E44F24513FFD00DE3858 /* OMStickerConfigManager.swift */,
				66F3E44B245132A800DE3858 /* OMStickerFrameList.swift */,
			);
			path = Stickers;
			sourceTree = "<group>";
		};
		66F3E4512451406900DE3858 /* Resource */ = {
			isa = PBXGroup;
			children = (
				66F3E4522451407C00DE3858 /* like */,
			);
			path = Resource;
			sourceTree = "<group>";
		};
		66F3E4522451407C00DE3858 /* like */ = {
			isa = PBXGroup;
			children = (
				66F3E4FB2451418200DE3858 /* like.json */,
				66F3E4532451407C00DE3858 /* heart */,
			);
			path = like;
			sourceTree = "<group>";
		};
		66F3E4532451407C00DE3858 /* heart */ = {
			isa = PBXGroup;
			children = (
				66F3E4802451407C00DE3858 /* heart_000.png */,
				66F3E47F2451407C00DE3858 /* heart_001.png */,
				66F3E4832451407C00DE3858 /* heart_002.png */,
				66F3E4862451407C00DE3858 /* heart_003.png */,
				66F3E48C2451407C00DE3858 /* heart_004.png */,
				66F3E48F2451407C00DE3858 /* heart_005.png */,
				66F3E48A2451407C00DE3858 /* heart_006.png */,
				66F3E4872451407C00DE3858 /* heart_007.png */,
				66F3E4692451407C00DE3858 /* heart_008.png */,
				66F3E46E2451407C00DE3858 /* heart_009.png */,
				66F3E48B2451407C00DE3858 /* heart_010.png */,
				66F3E4902451407C00DE3858 /* heart_011.png */,
				66F3E4892451407C00DE3858 /* heart_012.png */,
				66F3E4882451407C00DE3858 /* heart_013.png */,
				66F3E4812451407C00DE3858 /* heart_014.png */,
				66F3E47E2451407C00DE3858 /* heart_015.png */,
				66F3E4842451407C00DE3858 /* heart_016.png */,
				66F3E4852451407C00DE3858 /* heart_017.png */,
				66F3E47A2451407C00DE3858 /* heart_018.png */,
				66F3E4792451407C00DE3858 /* heart_019.png */,
				66F3E46B2451407C00DE3858 /* heart_020.png */,
				66F3E46C2451407C00DE3858 /* heart_021.png */,
				66F3E4722451407C00DE3858 /* heart_022.png */,
				66F3E46F2451407C00DE3858 /* heart_023.png */,
				66F3E47B2451407C00DE3858 /* heart_024.png */,
				66F3E4782451407C00DE3858 /* heart_025.png */,
				66F3E4732451407C00DE3858 /* heart_026.png */,
				66F3E4762451407C00DE3858 /* heart_027.png */,
				66F3E4822451407C00DE3858 /* heart_028.png */,
				66F3E47D2451407C00DE3858 /* heart_029.png */,
				66F3E47C2451407C00DE3858 /* heart_030.png */,
				66F3E4772451407C00DE3858 /* heart_031.png */,
				66F3E4742451407C00DE3858 /* heart_032.png */,
				66F3E4752451407C00DE3858 /* heart_033.png */,
				66F3E46A2451407C00DE3858 /* heart_034.png */,
				66F3E46D2451407C00DE3858 /* heart_035.png */,
				66F3E4712451407C00DE3858 /* heart_036.png */,
				66F3E4702451407C00DE3858 /* heart_037.png */,
				66F3E48D2451407C00DE3858 /* heart_038.png */,
				66F3E48E2451407C00DE3858 /* heart_039.png */,
				66F3E45A2451407C00DE3858 /* heart_040.png */,
				66F3E45D2451407C00DE3858 /* heart_041.png */,
				66F3E4572451407C00DE3858 /* heart_042.png */,
				66F3E4562451407C00DE3858 /* heart_043.png */,
				66F3E4642451407C00DE3858 /* heart_044.png */,
				66F3E45F2451407C00DE3858 /* heart_045.png */,
				66F3E4662451407C00DE3858 /* heart_046.png */,
				66F3E4672451407C00DE3858 /* heart_047.png */,
				66F3E49A2451407C00DE3858 /* heart_048.png */,
				66F3E4952451407C00DE3858 /* heart_049.png */,
				66F3E4632451407C00DE3858 /* heart_050.png */,
				66F3E4602451407C00DE3858 /* heart_051.png */,
				66F3E4652451407C00DE3858 /* heart_052.png */,
				66F3E4682451407C00DE3858 /* heart_053.png */,
				66F3E45B2451407C00DE3858 /* heart_054.png */,
				66F3E45C2451407C00DE3858 /* heart_055.png */,
				66F3E4582451407C00DE3858 /* heart_056.png */,
				66F3E4552451407C00DE3858 /* heart_057.png */,
				66F3E49D2451407C00DE3858 /* heart_058.png */,
				66F3E49E2451407C00DE3858 /* heart_059.png */,
				66F3E4992451407C00DE3858 /* heart_060.png */,
				66F3E4962451407C00DE3858 /* heart_061.png */,
				66F3E4922451407C00DE3858 /* heart_062.png */,
				66F3E4932451407C00DE3858 /* heart_063.png */,
				66F3E49B2451407C00DE3858 /* heart_064.png */,
				66F3E4A02451407C00DE3858 /* heart_065.png */,
				66F3E4A32451407C00DE3858 /* heart_066.png */,
				66F3E4A22451407C00DE3858 /* heart_067.png */,
				66F3E4592451407C00DE3858 /* heart_068.png */,
				66F3E45E2451407C00DE3858 /* heart_069.png */,
				66F3E49C2451407C00DE3858 /* heart_070.png */,
				66F3E49F2451407C00DE3858 /* heart_071.png */,
				66F3E4A42451407C00DE3858 /* heart_072.png */,
				66F3E4A12451407C00DE3858 /* heart_073.png */,
				66F3E4982451407C00DE3858 /* heart_074.png */,
				66F3E4972451407C00DE3858 /* heart_075.png */,
				66F3E4912451407C00DE3858 /* heart_076.png */,
				66F3E4942451407C00DE3858 /* heart_077.png */,
				66F3E4622451407C00DE3858 /* heart_078.png */,
				66F3E4612451407C00DE3858 /* heart_079.png */,
				66F3E4542451407C00DE3858 /* heart_080.png */,
			);
			path = heart;
			sourceTree = "<group>";
		};
		66F9F29F24470B2E005D05AA /* Face++ */ = {
			isa = PBXGroup;
			children = (
				66F3E4FE245142A700DE3858 /* facepoint.png */,
				66F3E4FD245142A700DE3858 /* facepoint2.jpg */,
				66F9F2CB24471231005D05AA /* MegviiLicMgr-iOS-SDK */,
				66F9F2C42447119B005D05AA /* C_SDK */,
				66F9F2A124470B2E005D05AA /* MGFaceLicenseHandle.h */,
				66F9F2B024470B2E005D05AA /* MGFaceLicenseHandle.mm */,
				66F9F2A624470B2E005D05AA /* MGFaceppSDK */,
				66F9F2A024470B2E005D05AA /* MGNetAccount.h */,
			);
			path = "Face++";
			sourceTree = "<group>";
		};
		66F9F2A624470B2E005D05AA /* MGFaceppSDK */ = {
			isa = PBXGroup;
			children = (
				66F9F2BA24471107005D05AA /* libMGFacepp-0.5.2.a */,
				66F9F2BC24471107005D05AA /* megviifacepp_0_5_2_model */,
				66F9F2C124471108005D05AA /* MGAlgorithmInfo.h */,
				66F9F2C024471108005D05AA /* MGDetectRectInfo.h */,
				66F9F2B924471105005D05AA /* MGFaceInfo.h */,
				66F9F2BF24471108005D05AA /* MGFacepp.h */,
				66F9F2BB24471107005D05AA /* MGFaceppCommon.h */,
				66F9F2BD24471108005D05AA /* MGFaceppConfig.h */,
				66F9F2BE24471108005D05AA /* MGImageData.h */,
			);
			path = MGFaceppSDK;
			sourceTree = "<group>";
		};
		66F9F2C42447119B005D05AA /* C_SDK */ = {
			isa = PBXGroup;
			children = (
			);
			path = C_SDK;
			sourceTree = "<group>";
		};
		66F9F2CB24471231005D05AA /* MegviiLicMgr-iOS-SDK */ = {
			isa = PBXGroup;
			children = (
				66F9F2CC24471231005D05AA /* libMGLicMgrSDK-0.3.1.a */,
				66F9F2CD24471231005D05AA /* MGLicenseManager.h */,
				66F9F2CE24471231005D05AA /* MGLicenseCommon.h */,
			);
			path = "MegviiLicMgr-iOS-SDK";
			sourceTree = "<group>";
		};
/* End PBXGroup section */

/* Begin PBXNativeTarget section */
		6607DBBF2419D7C800CC5C69 /* OpenGPUShowcase */ = {
			isa = PBXNativeTarget;
			buildConfigurationList = 6607DBEA2419D7D100CC5C69 /* Build configuration list for PBXNativeTarget "OpenGPUShowcase" */;
			buildPhases = (
				6607DBBC2419D7C800CC5C69 /* Sources */,
				6607DBBD2419D7C800CC5C69 /* Frameworks */,
				6607DBBE2419D7C800CC5C69 /* Resources */,
			);
			buildRules = (
			);
			dependencies = (
			);
			name = OpenGPUShowcase;
			productName = OpenGPUShowcase;
			productReference = 6607DBC02419D7C800CC5C69 /* OpenGPU.app */;
			productType = "com.apple.product-type.application";
		};
		6607DBD52419D7D100CC5C69 /* OpenGPUShowcaseTests */ = {
			isa = PBXNativeTarget;
			buildConfigurationList = 6607DBED2419D7D100CC5C69 /* Build configuration list for PBXNativeTarget "OpenGPUShowcaseTests" */;
			buildPhases = (
				6607DBD22419D7D100CC5C69 /* Sources */,
				6607DBD32419D7D100CC5C69 /* Frameworks */,
				6607DBD42419D7D100CC5C69 /* Resources */,
			);
			buildRules = (
			);
			dependencies = (
				6607DBD82419D7D100CC5C69 /* PBXTargetDependency */,
			);
			name = OpenGPUShowcaseTests;
			productName = OpenGPUShowcaseTests;
			productReference = 6607DBD62419D7D100CC5C69 /* OpenGPUShowcaseTests.xctest */;
			productType = "com.apple.product-type.bundle.unit-test";
		};
		6607DBE02419D7D100CC5C69 /* OpenGPUShowcaseUITests */ = {
			isa = PBXNativeTarget;
			buildConfigurationList = 6607DBF02419D7D100CC5C69 /* Build configuration list for PBXNativeTarget "OpenGPUShowcaseUITests" */;
			buildPhases = (
				6607DBDD2419D7D100CC5C69 /* Sources */,
				6607DBDE2419D7D100CC5C69 /* Frameworks */,
				6607DBDF2419D7D100CC5C69 /* Resources */,
			);
			buildRules = (
			);
			dependencies = (
				6607DBE32419D7D100CC5C69 /* PBXTargetDependency */,
			);
			name = OpenGPUShowcaseUITests;
			productName = OpenGPUShowcaseUITests;
			productReference = 6607DBE12419D7D100CC5C69 /* OpenGPUShowcaseUITests.xctest */;
			productType = "com.apple.product-type.bundle.ui-testing";
		};
/* End PBXNativeTarget section */

/* Begin PBXProject section */
		6607DBB82419D7C800CC5C69 /* Project object */ = {
			isa = PBXProject;
			attributes = {
				LastSwiftUpdateCheck = 1130;
				LastUpgradeCheck = 1130;
				ORGANIZATIONNAME = langren;
				TargetAttributes = {
					6607DBBF2419D7C800CC5C69 = {
						CreatedOnToolsVersion = 11.3.1;
					};
					6607DBD52419D7D100CC5C69 = {
						CreatedOnToolsVersion = 11.3.1;
						TestTargetID = 6607DBBF2419D7C800CC5C69;
					};
					6607DBE02419D7D100CC5C69 = {
						CreatedOnToolsVersion = 11.3.1;
						TestTargetID = 6607DBBF2419D7C800CC5C69;
					};
				};
			};
			buildConfigurationList = 6607DBBB2419D7C800CC5C69 /* Build configuration list for PBXProject "OpenGPUShowcase" */;
			compatibilityVersion = "Xcode 9.3";
			developmentRegion = en;
			hasScannedForEncodings = 0;
			knownRegions = (
				en,
				Base,
			);
			mainGroup = 6607DBB72419D7C800CC5C69;
			productRefGroup = 6607DBC12419D7C800CC5C69 /* Products */;
			projectDirPath = "";
			projectRoot = "";
			targets = (
				6607DBBF2419D7C800CC5C69 /* OpenGPUShowcase */,
				6607DBD52419D7D100CC5C69 /* OpenGPUShowcaseTests */,
				6607DBE02419D7D100CC5C69 /* OpenGPUShowcaseUITests */,
			);
		};
/* End PBXProject section */

/* Begin PBXResourcesBuildPhase section */
		6607DBBE2419D7C800CC5C69 /* Resources */ = {
			isa = PBXResourcesBuildPhase;
			buildActionMask = 2147483647;
			files = (
				66F3E4D62451407C00DE3858 /* heart_016.png in Resources */,
				66F3E4BE2451407C00DE3858 /* heart_021.png in Resources */,
				66F3E4AF2451407C00DE3858 /* heart_041.png in Resources */,
				66F3E4AB2451407C00DE3858 /* heart_068.png in Resources */,
				66F3E4BF2451407C00DE3858 /* heart_035.png in Resources */,
				66F3E4D52451407C00DE3858 /* heart_002.png in Resources */,
				66F3E4F32451407C00DE3858 /* heart_073.png in Resources */,
				66F3E4E52451407C00DE3858 /* heart_063.png in Resources */,
				66F3E4CC2451407C00DE3858 /* heart_018.png in Resources */,
				66F3E4B02451407C00DE3858 /* heart_069.png in Resources */,
				66F3E4B22451407C00DE3858 /* heart_051.png in Resources */,
				66F3E4AA2451407C00DE3858 /* heart_056.png in Resources */,
				66F9F2C324471108005D05AA /* megviifacepp_0_5_2_model in Resources */,
				66F3E4D02451407C00DE3858 /* heart_015.png in Resources */,
				66F3E4B42451407C00DE3858 /* heart_078.png in Resources */,
				66F3E4DB2451407C00DE3858 /* heart_012.png in Resources */,
				66F3E4C22451407C00DE3858 /* heart_037.png in Resources */,
				66F3E4E02451407C00DE3858 /* heart_039.png in Resources */,
				66F3E4C52451407C00DE3858 /* heart_026.png in Resources */,
				66F3E4C12451407C00DE3858 /* heart_023.png in Resources */,
				66F3E4F52451407C00DE3858 /* heart_066.png in Resources */,
				66F3E4CA2451407C00DE3858 /* heart_025.png in Resources */,
				66F3E4D32451407C00DE3858 /* heart_014.png in Resources */,
				66F3E4AC2451407C00DE3858 /* heart_040.png in Resources */,
				66F3E4EF2451407C00DE3858 /* heart_058.png in Resources */,
				66F3E4AD2451407C00DE3858 /* heart_054.png in Resources */,
				66F3E4D22451407C00DE3858 /* heart_000.png in Resources */,
				66F3E4EE2451407C00DE3858 /* heart_070.png in Resources */,
				66F3E4DA2451407C00DE3858 /* heart_013.png in Resources */,
				66F3E4C62451407C00DE3858 /* heart_032.png in Resources */,
				66B3AB57243F26B100036858 /* bai.png in Resources */,
				66F3E4D42451407C00DE3858 /* heart_028.png in Resources */,
				66F3E4CE2451407C00DE3858 /* heart_030.png in Resources */,
				66F3E4DE2451407C00DE3858 /* heart_004.png in Resources */,
				66F3E4F62451407C00DE3858 /* heart_072.png in Resources */,
				66F3E4CB2451407C00DE3858 /* heart_019.png in Resources */,
				66F3E4E32451407C00DE3858 /* heart_076.png in Resources */,
				66F3E4C02451407C00DE3858 /* heart_009.png in Resources */,
				66F3E4C92451407C00DE3858 /* heart_031.png in Resources */,
				66F3E4C42451407C00DE3858 /* heart_022.png in Resources */,
				66F3E4B72451407C00DE3858 /* heart_052.png in Resources */,
				66F3E4A82451407C00DE3858 /* heart_043.png in Resources */,
				6607DBD02419D7D100CC5C69 /* LaunchScreen.storyboard in Resources */,
				66F3E4D12451407C00DE3858 /* heart_001.png in Resources */,
				66F3E4B92451407C00DE3858 /* heart_047.png in Resources */,
				66F3E4B32451407C00DE3858 /* heart_079.png in Resources */,
				66F3E4BB2451407C00DE3858 /* heart_008.png in Resources */,
				66F3E4A62451407C00DE3858 /* heart_080.png in Resources */,
				66F3E4FF245142A700DE3858 /* facepoint2.jpg in Resources */,
				66F3E4B12451407C00DE3858 /* heart_045.png in Resources */,
				66F3E4E12451407C00DE3858 /* heart_005.png in Resources */,
				66F3E4BC2451407C00DE3858 /* heart_034.png in Resources */,
				66F3E4DF2451407C00DE3858 /* heart_038.png in Resources */,
				66F3E4F02451407C00DE3858 /* heart_059.png in Resources */,
				66F3E4D92451407C00DE3858 /* heart_007.png in Resources */,
				66F3E4E72451407C00DE3858 /* heart_049.png in Resources */,
				66F3E4A72451407C00DE3858 /* heart_057.png in Resources */,
				66F3E4C82451407C00DE3858 /* heart_027.png in Resources */,
				66F3E4A92451407C00DE3858 /* heart_042.png in Resources */,
				66F3E4DC2451407C00DE3858 /* heart_006.png in Resources */,
				6607DBCD2419D7D100CC5C69 /* Assets.xcassets in Resources */,
				66F3E4F12451407C00DE3858 /* heart_071.png in Resources */,
				66F3E4D72451407C00DE3858 /* heart_017.png in Resources */,
				66F3E4C72451407C00DE3858 /* heart_033.png in Resources */,
				66F3E4EA2451407C00DE3858 /* heart_074.png in Resources */,
				66F3E4B52451407C00DE3858 /* heart_050.png in Resources */,
				66F3E4FC2451418200DE3858 /* like.json in Resources */,
				66F3E4D82451407C00DE3858 /* heart_003.png in Resources */,
				66F3E4CF2451407C00DE3858 /* heart_029.png in Resources */,
				66F3E4BA2451407C00DE3858 /* heart_053.png in Resources */,
				66F3E4E22451407C00DE3858 /* heart_011.png in Resources */,
				66F3E4F22451407C00DE3858 /* heart_065.png in Resources */,
				66F3E4B62451407C00DE3858 /* heart_044.png in Resources */,
				66F3E4EC2451407C00DE3858 /* heart_048.png in Resources */,
				66F3E4DD2451407C00DE3858 /* heart_010.png in Resources */,
				66F3E4CD2451407C00DE3858 /* heart_024.png in Resources */,
				66F3E4F42451407C00DE3858 /* heart_067.png in Resources */,
				66F3E4E62451407C00DE3858 /* heart_077.png in Resources */,
				66F3E4C32451407C00DE3858 /* heart_036.png in Resources */,
				66F3E4ED2451407C00DE3858 /* heart_064.png in Resources */,
				66F3E4E82451407C00DE3858 /* heart_061.png in Resources */,
				66F3E4B82451407C00DE3858 /* heart_046.png in Resources */,
				6607DBCB2419D7C800CC5C69 /* Main.storyboard in Resources */,
				66F3E500245142A700DE3858 /* facepoint.png in Resources */,
				66F3E4BD2451407C00DE3858 /* heart_020.png in Resources */,
				66F3E4AE2451407C00DE3858 /* heart_055.png in Resources */,
				66F3E4EB2451407C00DE3858 /* heart_060.png in Resources */,
				66F3E4E92451407C00DE3858 /* heart_075.png in Resources */,
				66F3E4E42451407C00DE3858 /* heart_062.png in Resources */,
			);
			runOnlyForDeploymentPostprocessing = 0;
		};
		6607DBD42419D7D100CC5C69 /* Resources */ = {
			isa = PBXResourcesBuildPhase;
			buildActionMask = 2147483647;
			files = (
			);
			runOnlyForDeploymentPostprocessing = 0;
		};
		6607DBDF2419D7D100CC5C69 /* Resources */ = {
			isa = PBXResourcesBuildPhase;
			buildActionMask = 2147483647;
			files = (
			);
			runOnlyForDeploymentPostprocessing = 0;
		};
/* End PBXResourcesBuildPhase section */

/* Begin PBXSourcesBuildPhase section */
		6607DBBC2419D7C800CC5C69 /* Sources */ = {
			isa = PBXSourcesBuildPhase;
			buildActionMask = 2147483647;
			files = (
				66F3E505245189BE00DE3858 /* OMStickerManager.swift in Sources */,
				6607DC082419D83100CC5C69 /* OGImageOrentation.swift in Sources */,
				66B3AB54243F15DA00036858 /* OMImageProcesser.swift in Sources */,
				66B3A948243331B300036858 /* OMBaseFilter.swift in Sources */,
				6607DBC82419D7C800CC5C69 /* ViewController.swift in Sources */,
				669D1B052432CF3A0037B301 /* RenderPass.metal in Sources */,
				6607DBC42419D7C800CC5C69 /* AppDelegate.swift in Sources */,
				66F3E507245193B200DE3858 /* OMStickerFilter.swift in Sources */,
				66F3E44C245132A800DE3858 /* OMStickerFrameList.swift in Sources */,
				66B3AB3F243DCEEA00036858 /* OMLookupFilter.swift in Sources */,
				6607DC0B2419D83100CC5C69 /* OGFramebuffer.swift in Sources */,
				6607DC092419D83100CC5C69 /* OGFramebufferCache.swift in Sources */,
				6607DC062419D83100CC5C69 /* OGShaderLanguage.swift in Sources */,
				6607DC022419D83100CC5C69 /* OGRenderView.swift in Sources */,
				6655054B2431C2EA00045191 /* OMTexture.swift in Sources */,
				669D1B002431DF9E0037B301 /* OMRenderView.swift in Sources */,
				66B3AB41243DCF8F00036858 /* OMLookup.metal in Sources */,
				66F3E44A2451319200DE3858 /* OMStickerProtocol.swift in Sources */,
				669D1B022431EA680037B301 /* OMRender.swift in Sources */,
				66F3E502245146C800DE3858 /* OMStickerFrame.swift in Sources */,
				66F3E45024513FFD00DE3858 /* OMStickerConfigManager.swift in Sources */,
				6607DC042419D83100CC5C69 /* OGPipeline.swift in Sources */,
				66801A4124249A0B006F7D1A /* RGBFilter.swift in Sources */,
				6607DC032419D83100CC5C69 /* OGRenderHelper.swift in Sources */,
				6607DC052419D83100CC5C69 /* OGCamera.swift in Sources */,
				66B3A94A243587E400036858 /* OMBaseFilter.metal in Sources */,
				66937B7A244ED51400764A5C /* coordinateOffsetCalculator.metal in Sources */,
				66F3E44E24513F7B00DE3858 /* OMSticker.swift in Sources */,
				66F9F2B424470B2E005D05AA /* MGFaceLicenseHandle.mm in Sources */,
				66B56523244FF3A500B86F0D /* landmarks_v2.metal in Sources */,
				6607DC0A2419D83100CC5C69 /* OGShaderProgram.swift in Sources */,
				66F9F29C244703EA005D05AA /* OMFaceDetect.swift in Sources */,
				6655054F2431C7C800045191 /* OMPipline.swift in Sources */,
				66F9F2D324483C73005D05AA /* OMFaceBeautyFilter.swift in Sources */,
				6607DC072419D83100CC5C69 /* OGEAGLContext.swift in Sources */,
				665505532431D22000045191 /* OMRenderDevice.swift in Sources */,
				66801A3824205EB9006F7D1A /* OGBaseFilter.swift in Sources */,
				665505512431C96C00045191 /* OMCamera.swift in Sources */,
				6607DC0C2419D83100CC5C69 /* OGColor.swift in Sources */,
				66F9F2D524484E20005D05AA /* landmarks.metal in Sources */,
			);
			runOnlyForDeploymentPostprocessing = 0;
		};
		6607DBD22419D7D100CC5C69 /* Sources */ = {
			isa = PBXSourcesBuildPhase;
			buildActionMask = 2147483647;
			files = (
				6607DBDB2419D7D100CC5C69 /* OpenGPUShowcaseTests.swift in Sources */,
			);
			runOnlyForDeploymentPostprocessing = 0;
		};
		6607DBDD2419D7D100CC5C69 /* Sources */ = {
			isa = PBXSourcesBuildPhase;
			buildActionMask = 2147483647;
			files = (
				6607DBE62419D7D100CC5C69 /* OpenGPUShowcaseUITests.swift in Sources */,
			);
			runOnlyForDeploymentPostprocessing = 0;
		};
/* End PBXSourcesBuildPhase section */

/* Begin PBXTargetDependency section */
		6607DBD82419D7D100CC5C69 /* PBXTargetDependency */ = {
			isa = PBXTargetDependency;
			target = 6607DBBF2419D7C800CC5C69 /* OpenGPUShowcase */;
			targetProxy = 6607DBD72419D7D100CC5C69 /* PBXContainerItemProxy */;
		};
		6607DBE32419D7D100CC5C69 /* PBXTargetDependency */ = {
			isa = PBXTargetDependency;
			target = 6607DBBF2419D7C800CC5C69 /* OpenGPUShowcase */;
			targetProxy = 6607DBE22419D7D100CC5C69 /* PBXContainerItemProxy */;
		};
/* End PBXTargetDependency section */

/* Begin PBXVariantGroup section */
		6607DBC92419D7C800CC5C69 /* Main.storyboard */ = {
			isa = PBXVariantGroup;
			children = (
				6607DBCA2419D7C800CC5C69 /* Base */,
			);
			name = Main.storyboard;
			sourceTree = "<group>";
		};
		6607DBCE2419D7D100CC5C69 /* LaunchScreen.storyboard */ = {
			isa = PBXVariantGroup;
			children = (
				6607DBCF2419D7D100CC5C69 /* Base */,
			);
			name = LaunchScreen.storyboard;
			sourceTree = "<group>";
		};
/* End PBXVariantGroup section */

/* Begin XCBuildConfiguration section */
		6607DBE82419D7D100CC5C69 /* Debug */ = {
			isa = XCBuildConfiguration;
			buildSettings = {
				ALWAYS_SEARCH_USER_PATHS = NO;
				CLANG_ANALYZER_NONNULL = YES;
				CLANG_ANALYZER_NUMBER_OBJECT_CONVERSION = YES_AGGRESSIVE;
				CLANG_CXX_LANGUAGE_STANDARD = "gnu++14";
				CLANG_CXX_LIBRARY = "libc++";
				CLANG_ENABLE_MODULES = YES;
				CLANG_ENABLE_OBJC_ARC = YES;
				CLANG_ENABLE_OBJC_WEAK = YES;
				CLANG_WARN_BLOCK_CAPTURE_AUTORELEASING = YES;
				CLANG_WARN_BOOL_CONVERSION = YES;
				CLANG_WARN_COMMA = YES;
				CLANG_WARN_CONSTANT_CONVERSION = YES;
				CLANG_WARN_DEPRECATED_OBJC_IMPLEMENTATIONS = YES;
				CLANG_WARN_DIRECT_OBJC_ISA_USAGE = YES_ERROR;
				CLANG_WARN_DOCUMENTATION_COMMENTS = YES;
				CLANG_WARN_EMPTY_BODY = YES;
				CLANG_WARN_ENUM_CONVERSION = YES;
				CLANG_WARN_INFINITE_RECURSION = YES;
				CLANG_WARN_INT_CONVERSION = YES;
				CLANG_WARN_NON_LITERAL_NULL_CONVERSION = YES;
				CLANG_WARN_OBJC_IMPLICIT_RETAIN_SELF = YES;
				CLANG_WARN_OBJC_LITERAL_CONVERSION = YES;
				CLANG_WARN_OBJC_ROOT_CLASS = YES_ERROR;
				CLANG_WARN_RANGE_LOOP_ANALYSIS = YES;
				CLANG_WARN_STRICT_PROTOTYPES = YES;
				CLANG_WARN_SUSPICIOUS_MOVE = YES;
				CLANG_WARN_UNGUARDED_AVAILABILITY = YES_AGGRESSIVE;
				CLANG_WARN_UNREACHABLE_CODE = YES;
				CLANG_WARN__DUPLICATE_METHOD_MATCH = YES;
				COPY_PHASE_STRIP = NO;
				DEBUG_INFORMATION_FORMAT = dwarf;
				ENABLE_STRICT_OBJC_MSGSEND = YES;
				ENABLE_TESTABILITY = YES;
				GCC_C_LANGUAGE_STANDARD = gnu11;
				GCC_DYNAMIC_NO_PIC = NO;
				GCC_NO_COMMON_BLOCKS = YES;
				GCC_OPTIMIZATION_LEVEL = 0;
				GCC_PREPROCESSOR_DEFINITIONS = (
					"DEBUG=1",
					"$(inherited)",
				);
				GCC_WARN_64_TO_32_BIT_CONVERSION = YES;
				GCC_WARN_ABOUT_RETURN_TYPE = YES_ERROR;
				GCC_WARN_UNDECLARED_SELECTOR = YES;
				GCC_WARN_UNINITIALIZED_AUTOS = YES_AGGRESSIVE;
				GCC_WARN_UNUSED_FUNCTION = YES;
				GCC_WARN_UNUSED_VARIABLE = YES;
				IPHONEOS_DEPLOYMENT_TARGET = 13.2;
				MTL_ENABLE_DEBUG_INFO = INCLUDE_SOURCE;
				MTL_FAST_MATH = YES;
				ONLY_ACTIVE_ARCH = YES;
				SDKROOT = iphoneos;
				SWIFT_ACTIVE_COMPILATION_CONDITIONS = DEBUG;
				SWIFT_OPTIMIZATION_LEVEL = "-Onone";
			};
			name = Debug;
		};
		6607DBE92419D7D100CC5C69 /* Release */ = {
			isa = XCBuildConfiguration;
			buildSettings = {
				ALWAYS_SEARCH_USER_PATHS = NO;
				CLANG_ANALYZER_NONNULL = YES;
				CLANG_ANALYZER_NUMBER_OBJECT_CONVERSION = YES_AGGRESSIVE;
				CLANG_CXX_LANGUAGE_STANDARD = "gnu++14";
				CLANG_CXX_LIBRARY = "libc++";
				CLANG_ENABLE_MODULES = YES;
				CLANG_ENABLE_OBJC_ARC = YES;
				CLANG_ENABLE_OBJC_WEAK = YES;
				CLANG_WARN_BLOCK_CAPTURE_AUTORELEASING = YES;
				CLANG_WARN_BOOL_CONVERSION = YES;
				CLANG_WARN_COMMA = YES;
				CLANG_WARN_CONSTANT_CONVERSION = YES;
				CLANG_WARN_DEPRECATED_OBJC_IMPLEMENTATIONS = YES;
				CLANG_WARN_DIRECT_OBJC_ISA_USAGE = YES_ERROR;
				CLANG_WARN_DOCUMENTATION_COMMENTS = YES;
				CLANG_WARN_EMPTY_BODY = YES;
				CLANG_WARN_ENUM_CONVERSION = YES;
				CLANG_WARN_INFINITE_RECURSION = YES;
				CLANG_WARN_INT_CONVERSION = YES;
				CLANG_WARN_NON_LITERAL_NULL_CONVERSION = YES;
				CLANG_WARN_OBJC_IMPLICIT_RETAIN_SELF = YES;
				CLANG_WARN_OBJC_LITERAL_CONVERSION = YES;
				CLANG_WARN_OBJC_ROOT_CLASS = YES_ERROR;
				CLANG_WARN_RANGE_LOOP_ANALYSIS = YES;
				CLANG_WARN_STRICT_PROTOTYPES = YES;
				CLANG_WARN_SUSPICIOUS_MOVE = YES;
				CLANG_WARN_UNGUARDED_AVAILABILITY = YES_AGGRESSIVE;
				CLANG_WARN_UNREACHABLE_CODE = YES;
				CLANG_WARN__DUPLICATE_METHOD_MATCH = YES;
				COPY_PHASE_STRIP = NO;
				DEBUG_INFORMATION_FORMAT = "dwarf-with-dsym";
				ENABLE_NS_ASSERTIONS = NO;
				ENABLE_STRICT_OBJC_MSGSEND = YES;
				GCC_C_LANGUAGE_STANDARD = gnu11;
				GCC_NO_COMMON_BLOCKS = YES;
				GCC_WARN_64_TO_32_BIT_CONVERSION = YES;
				GCC_WARN_ABOUT_RETURN_TYPE = YES_ERROR;
				GCC_WARN_UNDECLARED_SELECTOR = YES;
				GCC_WARN_UNINITIALIZED_AUTOS = YES_AGGRESSIVE;
				GCC_WARN_UNUSED_FUNCTION = YES;
				GCC_WARN_UNUSED_VARIABLE = YES;
				IPHONEOS_DEPLOYMENT_TARGET = 13.2;
				MTL_ENABLE_DEBUG_INFO = NO;
				MTL_FAST_MATH = YES;
				SDKROOT = iphoneos;
				SWIFT_COMPILATION_MODE = wholemodule;
				SWIFT_OPTIMIZATION_LEVEL = "-O";
				VALIDATE_PRODUCT = YES;
			};
			name = Release;
		};
		6607DBEB2419D7D100CC5C69 /* Debug */ = {
			isa = XCBuildConfiguration;
			buildSettings = {
				ASSETCATALOG_COMPILER_APPICON_NAME = AppIcon;
				CODE_SIGN_STYLE = Automatic;
				DEVELOPMENT_TEAM = 5VYP985JJ2;
				INFOPLIST_FILE = OpenGPUShowcase/Info.plist;
				IPHONEOS_DEPLOYMENT_TARGET = 12.0;
				LD_RUNPATH_SEARCH_PATHS = (
					"$(inherited)",
					"@executable_path/Frameworks",
				);
				LIBRARY_SEARCH_PATHS = (
					"$(inherited)",
					"$(PROJECT_DIR)/OpenGPUShowcase/Libs/MegviiFacepp-iOS-SDK-0.5.2-CN/iOS_SDK",
					"$(PROJECT_DIR)/OpenGPUShowcase/Libs/MegviiFacepp-iOS-SDK-0.5.2-CN/C_SDK",
					"$(PROJECT_DIR)/OpenGPUShowcase/Libs/face/iOS_SDK",
					"$(PROJECT_DIR)/OpenGPUShowcase/Libs/Face++/MegviiLicMgr-iOS-SDK",
					"$(PROJECT_DIR)/OpenGPUShowcase/Libs/Face++/MGFaceppSDK",
					"$(PROJECT_DIR)/OpenGPUShowcase/Libs/Face++/C_SDK",
				);
				OTHER_LDFLAGS = "-ObjC";
				PRODUCT_BUNDLE_IDENTIFIER = com.lps.OpenGPUShowcase;
				PRODUCT_NAME = OpenGPU;
				SWIFT_OBJC_BRIDGING_HEADER = "OpenGPUShowcase/OpenGPUShowcase-Bridging-Header.h";
				SWIFT_VERSION = 5.0;
				TARGETED_DEVICE_FAMILY = "1,2";
			};
			name = Debug;
		};
		6607DBEC2419D7D100CC5C69 /* Release */ = {
			isa = XCBuildConfiguration;
			buildSettings = {
				ASSETCATALOG_COMPILER_APPICON_NAME = AppIcon;
				CODE_SIGN_STYLE = Automatic;
				DEVELOPMENT_TEAM = 5VYP985JJ2;
				INFOPLIST_FILE = OpenGPUShowcase/Info.plist;
				IPHONEOS_DEPLOYMENT_TARGET = 12.0;
				LD_RUNPATH_SEARCH_PATHS = (
					"$(inherited)",
					"@executable_path/Frameworks",
				);
				LIBRARY_SEARCH_PATHS = (
					"$(inherited)",
					"$(PROJECT_DIR)/OpenGPUShowcase/Libs/MegviiFacepp-iOS-SDK-0.5.2-CN/iOS_SDK",
					"$(PROJECT_DIR)/OpenGPUShowcase/Libs/MegviiFacepp-iOS-SDK-0.5.2-CN/C_SDK",
					"$(PROJECT_DIR)/OpenGPUShowcase/Libs/face/iOS_SDK",
					"$(PROJECT_DIR)/OpenGPUShowcase/Libs/Face++/MegviiLicMgr-iOS-SDK",
					"$(PROJECT_DIR)/OpenGPUShowcase/Libs/Face++/MGFaceppSDK",
					"$(PROJECT_DIR)/OpenGPUShowcase/Libs/Face++/C_SDK",
				);
				OTHER_LDFLAGS = "-ObjC";
				PRODUCT_BUNDLE_IDENTIFIER = com.lps.OpenGPUShowcase;
				PRODUCT_NAME = OpenGPU;
				SWIFT_OBJC_BRIDGING_HEADER = "OpenGPUShowcase/OpenGPUShowcase-Bridging-Header.h";
				SWIFT_VERSION = 5.0;
				TARGETED_DEVICE_FAMILY = "1,2";
			};
			name = Release;
		};
		6607DBEE2419D7D100CC5C69 /* Debug */ = {
			isa = XCBuildConfiguration;
			buildSettings = {
				ALWAYS_EMBED_SWIFT_STANDARD_LIBRARIES = YES;
				BUNDLE_LOADER = "$(TEST_HOST)";
				CODE_SIGN_STYLE = Automatic;
				DEVELOPMENT_TEAM = G8RG7Y36J8;
				INFOPLIST_FILE = OpenGPUShowcaseTests/Info.plist;
				IPHONEOS_DEPLOYMENT_TARGET = 13.2;
				LD_RUNPATH_SEARCH_PATHS = (
					"$(inherited)",
					"@executable_path/Frameworks",
					"@loader_path/Frameworks",
				);
				PRODUCT_BUNDLE_IDENTIFIER = com.lps.OpenGPUShowcaseTests;
				PRODUCT_NAME = "$(TARGET_NAME)";
				SWIFT_VERSION = 5.0;
				TARGETED_DEVICE_FAMILY = "1,2";
				TEST_HOST = "$(BUILT_PRODUCTS_DIR)/OpenGPUShowcase.app/OpenGPUShowcase";
			};
			name = Debug;
		};
		6607DBEF2419D7D100CC5C69 /* Release */ = {
			isa = XCBuildConfiguration;
			buildSettings = {
				ALWAYS_EMBED_SWIFT_STANDARD_LIBRARIES = YES;
				BUNDLE_LOADER = "$(TEST_HOST)";
				CODE_SIGN_STYLE = Automatic;
				DEVELOPMENT_TEAM = G8RG7Y36J8;
				INFOPLIST_FILE = OpenGPUShowcaseTests/Info.plist;
				IPHONEOS_DEPLOYMENT_TARGET = 13.2;
				LD_RUNPATH_SEARCH_PATHS = (
					"$(inherited)",
					"@executable_path/Frameworks",
					"@loader_path/Frameworks",
				);
				PRODUCT_BUNDLE_IDENTIFIER = com.lps.OpenGPUShowcaseTests;
				PRODUCT_NAME = "$(TARGET_NAME)";
				SWIFT_VERSION = 5.0;
				TARGETED_DEVICE_FAMILY = "1,2";
				TEST_HOST = "$(BUILT_PRODUCTS_DIR)/OpenGPUShowcase.app/OpenGPUShowcase";
			};
			name = Release;
		};
		6607DBF12419D7D100CC5C69 /* Debug */ = {
			isa = XCBuildConfiguration;
			buildSettings = {
				ALWAYS_EMBED_SWIFT_STANDARD_LIBRARIES = YES;
				CODE_SIGN_STYLE = Automatic;
				DEVELOPMENT_TEAM = G8RG7Y36J8;
				INFOPLIST_FILE = OpenGPUShowcaseUITests/Info.plist;
				LD_RUNPATH_SEARCH_PATHS = (
					"$(inherited)",
					"@executable_path/Frameworks",
					"@loader_path/Frameworks",
				);
				PRODUCT_BUNDLE_IDENTIFIER = com.lps.OpenGPUShowcaseUITests;
				PRODUCT_NAME = "$(TARGET_NAME)";
				SWIFT_VERSION = 5.0;
				TARGETED_DEVICE_FAMILY = "1,2";
				TEST_TARGET_NAME = OpenGPUShowcase;
			};
			name = Debug;
		};
		6607DBF22419D7D100CC5C69 /* Release */ = {
			isa = XCBuildConfiguration;
			buildSettings = {
				ALWAYS_EMBED_SWIFT_STANDARD_LIBRARIES = YES;
				CODE_SIGN_STYLE = Automatic;
				DEVELOPMENT_TEAM = G8RG7Y36J8;
				INFOPLIST_FILE = OpenGPUShowcaseUITests/Info.plist;
				LD_RUNPATH_SEARCH_PATHS = (
					"$(inherited)",
					"@executable_path/Frameworks",
					"@loader_path/Frameworks",
				);
				PRODUCT_BUNDLE_IDENTIFIER = com.lps.OpenGPUShowcaseUITests;
				PRODUCT_NAME = "$(TARGET_NAME)";
				SWIFT_VERSION = 5.0;
				TARGETED_DEVICE_FAMILY = "1,2";
				TEST_TARGET_NAME = OpenGPUShowcase;
			};
			name = Release;
		};
/* End XCBuildConfiguration section */

/* Begin XCConfigurationList section */
		6607DBBB2419D7C800CC5C69 /* Build configuration list for PBXProject "OpenGPUShowcase" */ = {
			isa = XCConfigurationList;
			buildConfigurations = (
				6607DBE82419D7D100CC5C69 /* Debug */,
				6607DBE92419D7D100CC5C69 /* Release */,
			);
			defaultConfigurationIsVisible = 0;
			defaultConfigurationName = Release;
		};
		6607DBEA2419D7D100CC5C69 /* Build configuration list for PBXNativeTarget "OpenGPUShowcase" */ = {
			isa = XCConfigurationList;
			buildConfigurations = (
				6607DBEB2419D7D100CC5C69 /* Debug */,
				6607DBEC2419D7D100CC5C69 /* Release */,
			);
			defaultConfigurationIsVisible = 0;
			defaultConfigurationName = Release;
		};
		6607DBED2419D7D100CC5C69 /* Build configuration list for PBXNativeTarget "OpenGPUShowcaseTests" */ = {
			isa = XCConfigurationList;
			buildConfigurations = (
				6607DBEE2419D7D100CC5C69 /* Debug */,
				6607DBEF2419D7D100CC5C69 /* Release */,
			);
			defaultConfigurationIsVisible = 0;
			defaultConfigurationName = Release;
		};
		6607DBF02419D7D100CC5C69 /* Build configuration list for PBXNativeTarget "OpenGPUShowcaseUITests" */ = {
			isa = XCConfigurationList;
			buildConfigurations = (
				6607DBF12419D7D100CC5C69 /* Debug */,
				6607DBF22419D7D100CC5C69 /* Release */,
			);
			defaultConfigurationIsVisible = 0;
			defaultConfigurationName = Release;
		};
/* End XCConfigurationList section */
	};
	rootObject = 6607DBB82419D7C800CC5C69 /* Project object */;
}
